// !$*UTF8*$!
{
	archiveVersion = 1;
	classes = {
	};
	objectVersion = 46;
	objects = {

/* Begin PBXBuildFile section */
		AE3B54DC1E12F6380022F068 /* PlayButton@3x.png in Resources */ = {isa = PBXBuildFile; fileRef = AE3B54DB1E12F6380022F068 /* PlayButton@3x.png */; };
		AE3B54DE1E1300F80022F068 /* DeveloperButton@3x.png in Resources */ = {isa = PBXBuildFile; fileRef = AE3B54DD1E1300F80022F068 /* DeveloperButton@3x.png */; };
		AE3B54E01E1312B50022F068 /* PlayAgainButton@3x.png in Resources */ = {isa = PBXBuildFile; fileRef = AE3B54DF1E1312B50022F068 /* PlayAgainButton@3x.png */; };
		AE3B54E21E13140A0022F068 /* GameOverLogo@3x.png in Resources */ = {isa = PBXBuildFile; fileRef = AE3B54E11E13140A0022F068 /* GameOverLogo@3x.png */; };
		AE3B54E51E1323AD0022F068 /* ViewController.swift in Sources */ = {isa = PBXBuildFile; fileRef = AE3B54E41E1323AD0022F068 /* ViewController.swift */; };
		AE3B54E91E1323BE0022F068 /* ResumeSectionCollectionViewCell.swift in Sources */ = {isa = PBXBuildFile; fileRef = AE3B54E61E1323BE0022F068 /* ResumeSectionCollectionViewCell.swift */; };
		AE3B54EA1E1323BE0022F068 /* ResumeCollectionViewController.swift in Sources */ = {isa = PBXBuildFile; fileRef = AE3B54E71E1323BE0022F068 /* ResumeCollectionViewController.swift */; };
		AE3B54EB1E1323BE0022F068 /* ResumeViewController.swift in Sources */ = {isa = PBXBuildFile; fileRef = AE3B54E81E1323BE0022F068 /* ResumeViewController.swift */; };
		AE3B54EE1E1323C60022F068 /* sectionCollectionViewController.swift in Sources */ = {isa = PBXBuildFile; fileRef = AE3B54EC1E1323C60022F068 /* sectionCollectionViewController.swift */; };
		AE3B54EF1E1323C60022F068 /* dataCollectionViewCell.swift in Sources */ = {isa = PBXBuildFile; fileRef = AE3B54ED1E1323C60022F068 /* dataCollectionViewCell.swift */; };
		AE3B54F31E1323D00022F068 /* HidingNavigationBarManager.swift in Sources */ = {isa = PBXBuildFile; fileRef = AE3B54F01E1323D00022F068 /* HidingNavigationBarManager.swift */; };
		AE3B54F41E1323D00022F068 /* HidingViewController.swift in Sources */ = {isa = PBXBuildFile; fileRef = AE3B54F11E1323D00022F068 /* HidingViewController.swift */; };
		AE3B54F51E1323D00022F068 /* InitialViewController.swift in Sources */ = {isa = PBXBuildFile; fileRef = AE3B54F21E1323D00022F068 /* InitialViewController.swift */; };
		AE3B54FE1E1323F90022F068 /* list-fat-7.png in Resources */ = {isa = PBXBuildFile; fileRef = AE3B54F91E1323F80022F068 /* list-fat-7.png */; };
		AE3B54FF1E1323F90022F068 /* Resume.pdf in Resources */ = {isa = PBXBuildFile; fileRef = AE3B54FA1E1323F80022F068 /* Resume.pdf */; };
		AE3B55001E1323F90022F068 /* file-document-7.png in Resources */ = {isa = PBXBuildFile; fileRef = AE3B54FB1E1323F80022F068 /* file-document-7.png */; };
		AE3B55131E1324090022F068 /* Interests.txt in Resources */ = {isa = PBXBuildFile; fileRef = AE3B55021E1324090022F068 /* Interests.txt */; };
		AE3B55141E1324090022F068 /* Languages.txt in Resources */ = {isa = PBXBuildFile; fileRef = AE3B55031E1324090022F068 /* Languages.txt */; };
		AE3B55151E1324090022F068 /* Publications.txt in Resources */ = {isa = PBXBuildFile; fileRef = AE3B55041E1324090022F068 /* Publications.txt */; };
		AE3B55161E1324090022F068 /* EducationDates.txt in Resources */ = {isa = PBXBuildFile; fileRef = AE3B55051E1324090022F068 /* EducationDates.txt */; };
		AE3B55171E1324090022F068 /* Awards.txt in Resources */ = {isa = PBXBuildFile; fileRef = AE3B55061E1324090022F068 /* Awards.txt */; };
		AE3B55181E1324090022F068 /* education0.txt in Resources */ = {isa = PBXBuildFile; fileRef = AE3B55071E1324090022F068 /* education0.txt */; };
		AE3B55191E1324090022F068 /* education1.txt in Resources */ = {isa = PBXBuildFile; fileRef = AE3B55081E1324090022F068 /* education1.txt */; };
		AE3B551A1E1324090022F068 /* TechnicalExperience.txt in Resources */ = {isa = PBXBuildFile; fileRef = AE3B55091E1324090022F068 /* TechnicalExperience.txt */; };
		AE3B551B1E1324090022F068 /* technicalexperience0.txt in Resources */ = {isa = PBXBuildFile; fileRef = AE3B550A1E1324090022F068 /* technicalexperience0.txt */; };
		AE3B551C1E1324090022F068 /* technicalexperience1.txt in Resources */ = {isa = PBXBuildFile; fileRef = AE3B550B1E1324090022F068 /* technicalexperience1.txt */; };
		AE3B551D1E1324090022F068 /* technicalexperience2.txt in Resources */ = {isa = PBXBuildFile; fileRef = AE3B550C1E1324090022F068 /* technicalexperience2.txt */; };
		AE3B551E1E1324090022F068 /* technicalexperience3.txt in Resources */ = {isa = PBXBuildFile; fileRef = AE3B550D1E1324090022F068 /* technicalexperience3.txt */; };
		AE3B551F1E1324090022F068 /* technicalexperience4.txt in Resources */ = {isa = PBXBuildFile; fileRef = AE3B550E1E1324090022F068 /* technicalexperience4.txt */; };
		AE3B55201E1324090022F068 /* technicalexperience5.txt in Resources */ = {isa = PBXBuildFile; fileRef = AE3B550F1E1324090022F068 /* technicalexperience5.txt */; };
		AE3B55211E1324090022F068 /* PersonalInfo.txt in Resources */ = {isa = PBXBuildFile; fileRef = AE3B55101E1324090022F068 /* PersonalInfo.txt */; };
		AE3B55221E1324090022F068 /* TechnicalExperienceDates.txt in Resources */ = {isa = PBXBuildFile; fileRef = AE3B55111E1324090022F068 /* TechnicalExperienceDates.txt */; };
		AE3B55231E1324090022F068 /* Education.txt in Resources */ = {isa = PBXBuildFile; fileRef = AE3B55121E1324090022F068 /* Education.txt */; };
		AE3B552C1E13242F0022F068 /* detailViewController.swift in Sources */ = {isa = PBXBuildFile; fileRef = AE3B552B1E13242F0022F068 /* detailViewController.swift */; };
		AE3B55331E1324AC0022F068 /* Awards.jpg in Resources */ = {isa = PBXBuildFile; fileRef = AE3B552E1E1324AC0022F068 /* Awards.jpg */; };
		AE3B55341E1324AC0022F068 /* awards0.jpg in Resources */ = {isa = PBXBuildFile; fileRef = AE3B552F1E1324AC0022F068 /* awards0.jpg */; };
		AE3B55351E1324AC0022F068 /* awards1.jpg in Resources */ = {isa = PBXBuildFile; fileRef = AE3B55301E1324AC0022F068 /* awards1.jpg */; };
		AE3B55361E1324AC0022F068 /* awards2.jpg in Resources */ = {isa = PBXBuildFile; fileRef = AE3B55311E1324AC0022F068 /* awards2.jpg */; };
		AE3B55371E1324AC0022F068 /* awards3.jpg in Resources */ = {isa = PBXBuildFile; fileRef = AE3B55321E1324AC0022F068 /* awards3.jpg */; };
		AE3B553A1E1324BC0022F068 /* Education.jpg in Resources */ = {isa = PBXBuildFile; fileRef = AE3B55381E1324BC0022F068 /* Education.jpg */; };
		AE3B553B1E1324BC0022F068 /* education0.jpg in Resources */ = {isa = PBXBuildFile; fileRef = AE3B55391E1324BC0022F068 /* education0.jpg */; };
		AE3B55481E1324C60022F068 /* Interests.jpg in Resources */ = {isa = PBXBuildFile; fileRef = AE3B553C1E1324C60022F068 /* Interests.jpg */; };
		AE3B55491E1324C60022F068 /* interestsGolf.jpg in Resources */ = {isa = PBXBuildFile; fileRef = AE3B553D1E1324C60022F068 /* interestsGolf.jpg */; };
		AE3B554A1E1324C60022F068 /* interestsHiking.jpg in Resources */ = {isa = PBXBuildFile; fileRef = AE3B553E1E1324C60022F068 /* interestsHiking.jpg */; };
		AE3B554B1E1324C60022F068 /* interestsSwimming.jpg in Resources */ = {isa = PBXBuildFile; fileRef = AE3B553F1E1324C60022F068 /* interestsSwimming.jpg */; };
		AE3B554C1E1324C60022F068 /* Languages.jpg in Resources */ = {isa = PBXBuildFile; fileRef = AE3B55401E1324C60022F068 /* Languages.jpg */; };
		AE3B554D1E1324C60022F068 /* languagesC++.jpg in Resources */ = {isa = PBXBuildFile; fileRef = AE3B55411E1324C60022F068 /* languagesC++.jpg */; };
		AE3B554E1E1324C60022F068 /* languagesFortran.jpg in Resources */ = {isa = PBXBuildFile; fileRef = AE3B55421E1324C60022F068 /* languagesFortran.jpg */; };
		AE3B554F1E1324C60022F068 /* languagesLatex.jpg in Resources */ = {isa = PBXBuildFile; fileRef = AE3B55431E1324C60022F068 /* languagesLatex.jpg */; };
		AE3B55501E1324C60022F068 /* languagesMatlab.jpg in Resources */ = {isa = PBXBuildFile; fileRef = AE3B55441E1324C60022F068 /* languagesMatlab.jpg */; };
		AE3B55511E1324C60022F068 /* languagesPython.jpg in Resources */ = {isa = PBXBuildFile; fileRef = AE3B55451E1324C60022F068 /* languagesPython.jpg */; };
		AE3B55521E1324C60022F068 /* languagesR.jpg in Resources */ = {isa = PBXBuildFile; fileRef = AE3B55461E1324C60022F068 /* languagesR.jpg */; };
		AE3B55531E1324C60022F068 /* languagesSwift.jpg in Resources */ = {isa = PBXBuildFile; fileRef = AE3B55471E1324C60022F068 /* languagesSwift.jpg */; };
		AE3B555A1E1324CE0022F068 /* PersonalInfo.jpg in Resources */ = {isa = PBXBuildFile; fileRef = AE3B55541E1324CE0022F068 /* PersonalInfo.jpg */; };
		AE3B555B1E1324CE0022F068 /* personalinfo0.jpg in Resources */ = {isa = PBXBuildFile; fileRef = AE3B55551E1324CE0022F068 /* personalinfo0.jpg */; };
		AE3B555C1E1324CE0022F068 /* personalinfo1.jpg in Resources */ = {isa = PBXBuildFile; fileRef = AE3B55561E1324CE0022F068 /* personalinfo1.jpg */; };
		AE3B555D1E1324CE0022F068 /* personalinfo2.jpg in Resources */ = {isa = PBXBuildFile; fileRef = AE3B55571E1324CE0022F068 /* personalinfo2.jpg */; };
		AE3B555E1E1324CE0022F068 /* personalinfo3.jpg in Resources */ = {isa = PBXBuildFile; fileRef = AE3B55581E1324CE0022F068 /* personalinfo3.jpg */; };
		AE3B555F1E1324CE0022F068 /* personalinfo4.jpg in Resources */ = {isa = PBXBuildFile; fileRef = AE3B55591E1324CE0022F068 /* personalinfo4.jpg */; };
		AE3B556B1E1324D70022F068 /* Publications.jpg in Resources */ = {isa = PBXBuildFile; fileRef = AE3B55601E1324D70022F068 /* Publications.jpg */; };
		AE3B556C1E1324D70022F068 /* publications0.jpg in Resources */ = {isa = PBXBuildFile; fileRef = AE3B55611E1324D70022F068 /* publications0.jpg */; };
		AE3B556D1E1324D70022F068 /* publications1.jpg in Resources */ = {isa = PBXBuildFile; fileRef = AE3B55621E1324D70022F068 /* publications1.jpg */; };
		AE3B556E1E1324D70022F068 /* publications2.jpg in Resources */ = {isa = PBXBuildFile; fileRef = AE3B55631E1324D70022F068 /* publications2.jpg */; };
		AE3B556F1E1324D70022F068 /* TechnicalExperience.jpg in Resources */ = {isa = PBXBuildFile; fileRef = AE3B55641E1324D70022F068 /* TechnicalExperience.jpg */; };
		AE3B55701E1324D70022F068 /* technicalexperience0.jpg in Resources */ = {isa = PBXBuildFile; fileRef = AE3B55651E1324D70022F068 /* technicalexperience0.jpg */; };
		AE3B55711E1324D70022F068 /* technicalexperience1.jpg in Resources */ = {isa = PBXBuildFile; fileRef = AE3B55661E1324D70022F068 /* technicalexperience1.jpg */; };
		AE3B55721E1324D70022F068 /* technicalexperience2.jpg in Resources */ = {isa = PBXBuildFile; fileRef = AE3B55671E1324D70022F068 /* technicalexperience2.jpg */; };
		AE3B55731E1324D70022F068 /* technicalexperience3.jpg in Resources */ = {isa = PBXBuildFile; fileRef = AE3B55681E1324D70022F068 /* technicalexperience3.jpg */; };
		AE3B55741E1324D70022F068 /* technicalexperience4.jpg in Resources */ = {isa = PBXBuildFile; fileRef = AE3B55691E1324D70022F068 /* technicalexperience4.jpg */; };
		AE3B55751E1324D70022F068 /* technicalexperience5.jpg in Resources */ = {isa = PBXBuildFile; fileRef = AE3B556A1E1324D70022F068 /* technicalexperience5.jpg */; };
		AE3B55771E1330600022F068 /* NavigationControllerExtension.swift in Sources */ = {isa = PBXBuildFile; fileRef = AE3B55761E1330600022F068 /* NavigationControllerExtension.swift */; };
		AE3B55791E14449D0022F068 /* tutorialCollectionViewCell.swift in Sources */ = {isa = PBXBuildFile; fileRef = AE3B55781E14449D0022F068 /* tutorialCollectionViewCell.swift */; };
		AE3B557B1E145D430022F068 /* disclosureAccessory@3x.png in Resources */ = {isa = PBXBuildFile; fileRef = AE3B557A1E145D430022F068 /* disclosureAccessory@3x.png */; };
		AE3B557E1E14858E0022F068 /* BallTrail.sks in Resources */ = {isa = PBXBuildFile; fileRef = AE3B557C1E14858E0022F068 /* BallTrail.sks */; };
		AE3B55861E149ECA0022F068 /* interestsBaseball.jpg in Resources */ = {isa = PBXBuildFile; fileRef = AE3B55841E149ECA0022F068 /* interestsBaseball.jpg */; };
		AE3B55871E149ECA0022F068 /* interestsFootball.jpg in Resources */ = {isa = PBXBuildFile; fileRef = AE3B55851E149ECA0022F068 /* interestsFootball.jpg */; };
		AE3B55891E149EF60022F068 /* education1.jpg in Resources */ = {isa = PBXBuildFile; fileRef = AE3B55881E149EF60022F068 /* education1.jpg */; };
		AE3B558B1E15AEDA0022F068 /* detailCollectionViewCell.swift in Sources */ = {isa = PBXBuildFile; fileRef = AE3B558A1E15AEDA0022F068 /* detailCollectionViewCell.swift */; };
		AE3B558D1E15B9430022F068 /* pauseButton@3x.png in Resources */ = {isa = PBXBuildFile; fileRef = AE3B558C1E15B9430022F068 /* pauseButton@3x.png */; };
		AE6548AF1E085E7C008784E8 /* AppDelegate.swift in Sources */ = {isa = PBXBuildFile; fileRef = AE6548AE1E085E7C008784E8 /* AppDelegate.swift */; };
		AE6548B51E085E7C008784E8 /* GameScene.swift in Sources */ = {isa = PBXBuildFile; fileRef = AE6548B41E085E7C008784E8 /* GameScene.swift */; };
		AE6548B71E085E7C008784E8 /* GameViewController.swift in Sources */ = {isa = PBXBuildFile; fileRef = AE6548B61E085E7C008784E8 /* GameViewController.swift */; };
		AE6548BA1E085E7C008784E8 /* Main.storyboard in Resources */ = {isa = PBXBuildFile; fileRef = AE6548B81E085E7C008784E8 /* Main.storyboard */; };
		AE6548BF1E085E7C008784E8 /* LaunchScreen.storyboard in Resources */ = {isa = PBXBuildFile; fileRef = AE6548BD1E085E7C008784E8 /* LaunchScreen.storyboard */; };
		AE6548CA1E085E7C008784E8 /* Nuke_DestroyerTests.swift in Sources */ = {isa = PBXBuildFile; fileRef = AE6548C91E085E7C008784E8 /* Nuke_DestroyerTests.swift */; };
		AE6548D51E085E7D008784E8 /* Nuke_DestroyerUITests.swift in Sources */ = {isa = PBXBuildFile; fileRef = AE6548D41E085E7D008784E8 /* Nuke_DestroyerUITests.swift */; };
		AE6548F01E086F4B008784E8 /* Background@2x.png in Resources */ = {isa = PBXBuildFile; fileRef = AE6548EE1E086F4B008784E8 /* Background@2x.png */; };
		AE6548F11E086F4B008784E8 /* Background@3x.png in Resources */ = {isa = PBXBuildFile; fileRef = AE6548EF1E086F4B008784E8 /* Background@3x.png */; };
		AE6549881E09E5C1008784E8 /* Logo@2x.png in Resources */ = {isa = PBXBuildFile; fileRef = AE6549861E09E5C1008784E8 /* Logo@2x.png */; };
		AE6549891E09E5C1008784E8 /* Logo@3x.png in Resources */ = {isa = PBXBuildFile; fileRef = AE6549871E09E5C1008784E8 /* Logo@3x.png */; };
		AE65498B1E09ED27008784E8 /* Helper.swift in Sources */ = {isa = PBXBuildFile; fileRef = AE65498A1E09ED27008784E8 /* Helper.swift */; };
		AE6A2BD81E175975000030F9 /* QuickBomb.mp3 in Resources */ = {isa = PBXBuildFile; fileRef = AE6A2BD71E175975000030F9 /* QuickBomb.mp3 */; };
		AE6A2BDA1E175AF9000030F9 /* night.wav in Resources */ = {isa = PBXBuildFile; fileRef = AE6A2BD91E175AF9000030F9 /* night.wav */; };
		AE6A2BDC1E175D48000030F9 /* NuclearBomb.mp3 in Resources */ = {isa = PBXBuildFile; fileRef = AE6A2BDB1E175D48000030F9 /* NuclearBomb.mp3 */; };
		AE6A2BDE1E176569000030F9 /* laser.mp3 in Resources */ = {isa = PBXBuildFile; fileRef = AE6A2BDD1E176569000030F9 /* laser.mp3 */; };
		AE6A2BE01E176760000030F9 /* bird.mp3 in Resources */ = {isa = PBXBuildFile; fileRef = AE6A2BDF1E176760000030F9 /* bird.mp3 */; };
		AE9AF8021E0CE08D0026D3ED /* Assets.xcassets in Resources */ = {isa = PBXBuildFile; fileRef = AE9AF8011E0CE08D0026D3ED /* Assets.xcassets */; };
		AEA2CBDF1E16EDEA0015007B /* Star@3x.png in Resources */ = {isa = PBXBuildFile; fileRef = AEA2CB801E16EDEA0015007B /* Star@3x.png */; };
		AEA2CBE31E16EDEA0015007B /* Bullet0@3x.png in Resources */ = {isa = PBXBuildFile; fileRef = AEA2CB841E16EDEA0015007B /* Bullet0@3x.png */; };
		AEA2CBE41E16EDEA0015007B /* Bullet2@3x.png in Resources */ = {isa = PBXBuildFile; fileRef = AEA2CB851E16EDEA0015007B /* Bullet2@3x.png */; };
		AEA2CBE61E16EDEA0015007B /* Bullet1@3x.png in Resources */ = {isa = PBXBuildFile; fileRef = AEA2CB871E16EDEA0015007B /* Bullet1@3x.png */; };
		AEA2CBF41E16EDEA0015007B /* Star@2x.png in Resources */ = {isa = PBXBuildFile; fileRef = AEA2CB951E16EDEA0015007B /* Star@2x.png */; };
		AEA2CBFA1E16EDEA0015007B /* Bomb@3x.png in Resources */ = {isa = PBXBuildFile; fileRef = AEA2CB9B1E16EDEA0015007B /* Bomb@3x.png */; };
		AEA2CC041E16EDEA0015007B /* Bomb@2x.png in Resources */ = {isa = PBXBuildFile; fileRef = AEA2CBA51E16EDEA0015007B /* Bomb@2x.png */; };
		AEA2CC261E16EDEA0015007B /* turret_1@3x.png in Resources */ = {isa = PBXBuildFile; fileRef = AEA2CBC71E16EDEA0015007B /* turret_1@3x.png */; };
		AEA2CC361E16EDEA0015007B /* turret_2@3x.png in Resources */ = {isa = PBXBuildFile; fileRef = AEA2CBD71E16EDEA0015007B /* turret_2@3x.png */; };
		AEA2CC3B1E16F1FA0015007B /* Four@3x.png in Resources */ = {isa = PBXBuildFile; fileRef = AEA2CC3A1E16F1FA0015007B /* Four@3x.png */; };
		AEA2CC3D1E16F3B60015007B /* Five@3x.png in Resources */ = {isa = PBXBuildFile; fileRef = AEA2CC3C1E16F3B60015007B /* Five@3x.png */; };
		AEA2CC751E16FF160015007B /* chicken2.png in Resources */ = {isa = PBXBuildFile; fileRef = AEA2CC401E16FF160015007B /* chicken2.png */; };
		AEA2CC761E16FF160015007B /* chicken3.png in Resources */ = {isa = PBXBuildFile; fileRef = AEA2CC411E16FF160015007B /* chicken3.png */; };
		AEA2CC771E16FF160015007B /* chicken4.png in Resources */ = {isa = PBXBuildFile; fileRef = AEA2CC421E16FF160015007B /* chicken4.png */; };
		AEA2CC781E16FF160015007B /* chicken5.png in Resources */ = {isa = PBXBuildFile; fileRef = AEA2CC431E16FF160015007B /* chicken5.png */; };
		AEA2CC791E16FF160015007B /* chicken6.png in Resources */ = {isa = PBXBuildFile; fileRef = AEA2CC441E16FF160015007B /* chicken6.png */; };
		AEA2CC7A1E16FF160015007B /* chicken7.png in Resources */ = {isa = PBXBuildFile; fileRef = AEA2CC451E16FF160015007B /* chicken7.png */; };
		AEA2CC7B1E16FF160015007B /* chicken8.png in Resources */ = {isa = PBXBuildFile; fileRef = AEA2CC461E16FF160015007B /* chicken8.png */; };
		AEA2CC7C1E16FF160015007B /* chicken9.png in Resources */ = {isa = PBXBuildFile; fileRef = AEA2CC471E16FF160015007B /* chicken9.png */; };
		AEA2CC7E1E16FF160015007B /* duck2.png in Resources */ = {isa = PBXBuildFile; fileRef = AEA2CC491E16FF160015007B /* duck2.png */; };
		AEA2CC7F1E16FF160015007B /* duck3.png in Resources */ = {isa = PBXBuildFile; fileRef = AEA2CC4A1E16FF160015007B /* duck3.png */; };
		AEA2CC801E16FF160015007B /* duck4.png in Resources */ = {isa = PBXBuildFile; fileRef = AEA2CC4B1E16FF160015007B /* duck4.png */; };
		AEA2CC811E16FF160015007B /* duck5.png in Resources */ = {isa = PBXBuildFile; fileRef = AEA2CC4C1E16FF160015007B /* duck5.png */; };
		AEA2CC821E16FF160015007B /* duck6.png in Resources */ = {isa = PBXBuildFile; fileRef = AEA2CC4D1E16FF160015007B /* duck6.png */; };
		AEA2CC831E16FF160015007B /* duck7.png in Resources */ = {isa = PBXBuildFile; fileRef = AEA2CC4E1E16FF160015007B /* duck7.png */; };
		AEA2CC841E16FF160015007B /* duck8.png in Resources */ = {isa = PBXBuildFile; fileRef = AEA2CC4F1E16FF160015007B /* duck8.png */; };
		AEA2CC851E16FF160015007B /* duck9.png in Resources */ = {isa = PBXBuildFile; fileRef = AEA2CC501E16FF160015007B /* duck9.png */; };
		AEA2CC871E16FF160015007B /* goose2.png in Resources */ = {isa = PBXBuildFile; fileRef = AEA2CC521E16FF160015007B /* goose2.png */; };
		AEA2CC881E16FF160015007B /* goose3.png in Resources */ = {isa = PBXBuildFile; fileRef = AEA2CC531E16FF160015007B /* goose3.png */; };
		AEA2CC891E16FF160015007B /* goose4.png in Resources */ = {isa = PBXBuildFile; fileRef = AEA2CC541E16FF160015007B /* goose4.png */; };
		AEA2CC8A1E16FF160015007B /* goose5.png in Resources */ = {isa = PBXBuildFile; fileRef = AEA2CC551E16FF160015007B /* goose5.png */; };
		AEA2CC8B1E16FF160015007B /* goose6.png in Resources */ = {isa = PBXBuildFile; fileRef = AEA2CC561E16FF160015007B /* goose6.png */; };
		AEA2CC8C1E16FF160015007B /* goose7.png in Resources */ = {isa = PBXBuildFile; fileRef = AEA2CC571E16FF160015007B /* goose7.png */; };
		AEA2CC8D1E16FF160015007B /* goose8.png in Resources */ = {isa = PBXBuildFile; fileRef = AEA2CC581E16FF160015007B /* goose8.png */; };
		AEA2CC8E1E16FF160015007B /* goose9.png in Resources */ = {isa = PBXBuildFile; fileRef = AEA2CC591E16FF160015007B /* goose9.png */; };
		AEA2CC901E16FF160015007B /* owl2.png in Resources */ = {isa = PBXBuildFile; fileRef = AEA2CC5B1E16FF160015007B /* owl2.png */; };
		AEA2CC911E16FF160015007B /* owl3.png in Resources */ = {isa = PBXBuildFile; fileRef = AEA2CC5C1E16FF160015007B /* owl3.png */; };
		AEA2CC921E16FF160015007B /* owl4.png in Resources */ = {isa = PBXBuildFile; fileRef = AEA2CC5D1E16FF160015007B /* owl4.png */; };
		AEA2CC931E16FF160015007B /* owl5.png in Resources */ = {isa = PBXBuildFile; fileRef = AEA2CC5E1E16FF160015007B /* owl5.png */; };
		AEA2CC941E16FF160015007B /* owl6.png in Resources */ = {isa = PBXBuildFile; fileRef = AEA2CC5F1E16FF160015007B /* owl6.png */; };
		AEA2CC951E16FF160015007B /* owl7.png in Resources */ = {isa = PBXBuildFile; fileRef = AEA2CC601E16FF160015007B /* owl7.png */; };
		AEA2CC961E16FF160015007B /* owl8.png in Resources */ = {isa = PBXBuildFile; fileRef = AEA2CC611E16FF160015007B /* owl8.png */; };
		AEA2CC971E16FF160015007B /* owl9.png in Resources */ = {isa = PBXBuildFile; fileRef = AEA2CC621E16FF160015007B /* owl9.png */; };
		AEA2CC991E16FF160015007B /* sparrow2.png in Resources */ = {isa = PBXBuildFile; fileRef = AEA2CC641E16FF160015007B /* sparrow2.png */; };
		AEA2CC9A1E16FF160015007B /* sparrow3.png in Resources */ = {isa = PBXBuildFile; fileRef = AEA2CC651E16FF160015007B /* sparrow3.png */; };
		AEA2CC9B1E16FF160015007B /* sparrow4.png in Resources */ = {isa = PBXBuildFile; fileRef = AEA2CC661E16FF160015007B /* sparrow4.png */; };
		AEA2CC9C1E16FF160015007B /* sparrow5.png in Resources */ = {isa = PBXBuildFile; fileRef = AEA2CC671E16FF160015007B /* sparrow5.png */; };
		AEA2CC9D1E16FF160015007B /* sparrow6.png in Resources */ = {isa = PBXBuildFile; fileRef = AEA2CC681E16FF160015007B /* sparrow6.png */; };
		AEA2CC9E1E16FF160015007B /* sparrow7.png in Resources */ = {isa = PBXBuildFile; fileRef = AEA2CC691E16FF160015007B /* sparrow7.png */; };
		AEA2CC9F1E16FF160015007B /* sparrow8.png in Resources */ = {isa = PBXBuildFile; fileRef = AEA2CC6A1E16FF160015007B /* sparrow8.png */; };
		AEA2CCA11E16FF160015007B /* vulture2.png in Resources */ = {isa = PBXBuildFile; fileRef = AEA2CC6C1E16FF160015007B /* vulture2.png */; };
		AEA2CCA21E16FF160015007B /* vulture3.png in Resources */ = {isa = PBXBuildFile; fileRef = AEA2CC6D1E16FF160015007B /* vulture3.png */; };
		AEA2CCA31E16FF160015007B /* vulture4.png in Resources */ = {isa = PBXBuildFile; fileRef = AEA2CC6E1E16FF160015007B /* vulture4.png */; };
		AEA2CCA41E16FF160015007B /* vulture5.png in Resources */ = {isa = PBXBuildFile; fileRef = AEA2CC6F1E16FF160015007B /* vulture5.png */; };
		AEA2CCA51E16FF160015007B /* vulture6.png in Resources */ = {isa = PBXBuildFile; fileRef = AEA2CC701E16FF160015007B /* vulture6.png */; };
		AEA2CCA61E16FF160015007B /* vulture7.png in Resources */ = {isa = PBXBuildFile; fileRef = AEA2CC711E16FF160015007B /* vulture7.png */; };
		AEA2CCA71E16FF160015007B /* vulture8.png in Resources */ = {isa = PBXBuildFile; fileRef = AEA2CC721E16FF160015007B /* vulture8.png */; };
		AEA2CCA81E16FF160015007B /* vulture9.png in Resources */ = {isa = PBXBuildFile; fileRef = AEA2CC731E16FF160015007B /* vulture9.png */; };
		AEA2CCAF1E17002F0015007B /* chicken1@3x.png in Resources */ = {isa = PBXBuildFile; fileRef = AEA2CCA91E17002F0015007B /* chicken1@3x.png */; };
		AEA2CCB01E17002F0015007B /* duck1@3x.png in Resources */ = {isa = PBXBuildFile; fileRef = AEA2CCAA1E17002F0015007B /* duck1@3x.png */; };
		AEA2CCB11E17002F0015007B /* goose1@3x.png in Resources */ = {isa = PBXBuildFile; fileRef = AEA2CCAB1E17002F0015007B /* goose1@3x.png */; };
		AEA2CCB21E17002F0015007B /* owl1@3x.png in Resources */ = {isa = PBXBuildFile; fileRef = AEA2CCAC1E17002F0015007B /* owl1@3x.png */; };
		AEA2CCB31E17002F0015007B /* sparrow1@3x.png in Resources */ = {isa = PBXBuildFile; fileRef = AEA2CCAD1E17002F0015007B /* sparrow1@3x.png */; };
		AEA2CCB41E17002F0015007B /* vulture1@3x.png in Resources */ = {isa = PBXBuildFile; fileRef = AEA2CCAE1E17002F0015007B /* vulture1@3x.png */; };
		AEA2CCB61E170AD00015007B /* turret_1_sheet@3x.png in Resources */ = {isa = PBXBuildFile; fileRef = AEA2CCB51E170AD00015007B /* turret_1_sheet@3x.png */; };
		AEA2CCB81E170D190015007B /* turret_2_sheet@3x.png in Resources */ = {isa = PBXBuildFile; fileRef = AEA2CCB71E170D190015007B /* turret_2_sheet@3x.png */; };
		AEA2CCBB1E171FBD0015007B /* sound@3x.png in Resources */ = {isa = PBXBuildFile; fileRef = AEA2CCB91E171FBD0015007B /* sound@3x.png */; };
		AEA2CCBC1E171FBD0015007B /* noSound@3x.png in Resources */ = {isa = PBXBuildFile; fileRef = AEA2CCBA1E171FBD0015007B /* noSound@3x.png */; };
		AEBE57D71E1615C700781DAB /* PausedLogo@3x.png in Resources */ = {isa = PBXBuildFile; fileRef = AEBE57D61E1615C700781DAB /* PausedLogo@3x.png */; };
/* End PBXBuildFile section */

/* Begin PBXContainerItemProxy section */
		AE6548C61E085E7C008784E8 /* PBXContainerItemProxy */ = {
			isa = PBXContainerItemProxy;
			containerPortal = AE6548A31E085E7C008784E8 /* Project object */;
			proxyType = 1;
			remoteGlobalIDString = AE6548AA1E085E7C008784E8;
			remoteInfo = "Nuke Destroyer";
		};
		AE6548D11E085E7D008784E8 /* PBXContainerItemProxy */ = {
			isa = PBXContainerItemProxy;
			containerPortal = AE6548A31E085E7C008784E8 /* Project object */;
			proxyType = 1;
			remoteGlobalIDString = AE6548AA1E085E7C008784E8;
			remoteInfo = "Nuke Destroyer";
		};
/* End PBXContainerItemProxy section */

/* Begin PBXFileReference section */
		AE3B54DB1E12F6380022F068 /* PlayButton@3x.png */ = {isa = PBXFileReference; lastKnownFileType = image.png; path = "PlayButton@3x.png"; sourceTree = "<group>"; };
		AE3B54DD1E1300F80022F068 /* DeveloperButton@3x.png */ = {isa = PBXFileReference; lastKnownFileType = image.png; path = "DeveloperButton@3x.png"; sourceTree = "<group>"; };
		AE3B54DF1E1312B50022F068 /* PlayAgainButton@3x.png */ = {isa = PBXFileReference; lastKnownFileType = image.png; path = "PlayAgainButton@3x.png"; sourceTree = "<group>"; };
		AE3B54E11E13140A0022F068 /* GameOverLogo@3x.png */ = {isa = PBXFileReference; lastKnownFileType = image.png; path = "GameOverLogo@3x.png"; sourceTree = "<group>"; };
		AE3B54E41E1323AD0022F068 /* ViewController.swift */ = {isa = PBXFileReference; fileEncoding = 4; lastKnownFileType = sourcecode.swift; path = ViewController.swift; sourceTree = "<group>"; };
		AE3B54E61E1323BE0022F068 /* ResumeSectionCollectionViewCell.swift */ = {isa = PBXFileReference; fileEncoding = 4; lastKnownFileType = sourcecode.swift; path = ResumeSectionCollectionViewCell.swift; sourceTree = "<group>"; };
		AE3B54E71E1323BE0022F068 /* ResumeCollectionViewController.swift */ = {isa = PBXFileReference; fileEncoding = 4; lastKnownFileType = sourcecode.swift; path = ResumeCollectionViewController.swift; sourceTree = "<group>"; };
		AE3B54E81E1323BE0022F068 /* ResumeViewController.swift */ = {isa = PBXFileReference; fileEncoding = 4; lastKnownFileType = sourcecode.swift; path = ResumeViewController.swift; sourceTree = "<group>"; };
		AE3B54EC1E1323C60022F068 /* sectionCollectionViewController.swift */ = {isa = PBXFileReference; fileEncoding = 4; lastKnownFileType = sourcecode.swift; path = sectionCollectionViewController.swift; sourceTree = "<group>"; };
		AE3B54ED1E1323C60022F068 /* dataCollectionViewCell.swift */ = {isa = PBXFileReference; fileEncoding = 4; lastKnownFileType = sourcecode.swift; path = dataCollectionViewCell.swift; sourceTree = "<group>"; };
		AE3B54F01E1323D00022F068 /* HidingNavigationBarManager.swift */ = {isa = PBXFileReference; fileEncoding = 4; lastKnownFileType = sourcecode.swift; path = HidingNavigationBarManager.swift; sourceTree = "<group>"; };
		AE3B54F11E1323D00022F068 /* HidingViewController.swift */ = {isa = PBXFileReference; fileEncoding = 4; lastKnownFileType = sourcecode.swift; path = HidingViewController.swift; sourceTree = "<group>"; };
		AE3B54F21E1323D00022F068 /* InitialViewController.swift */ = {isa = PBXFileReference; fileEncoding = 4; lastKnownFileType = sourcecode.swift; path = InitialViewController.swift; sourceTree = "<group>"; };
		AE3B54F91E1323F80022F068 /* list-fat-7.png */ = {isa = PBXFileReference; lastKnownFileType = image.png; path = "list-fat-7.png"; sourceTree = "<group>"; };
		AE3B54FA1E1323F80022F068 /* Resume.pdf */ = {isa = PBXFileReference; lastKnownFileType = image.pdf; path = Resume.pdf; sourceTree = "<group>"; };
		AE3B54FB1E1323F80022F068 /* file-document-7.png */ = {isa = PBXFileReference; lastKnownFileType = image.png; path = "file-document-7.png"; sourceTree = "<group>"; };
		AE3B55021E1324090022F068 /* Interests.txt */ = {isa = PBXFileReference; fileEncoding = 4; lastKnownFileType = text; path = Interests.txt; sourceTree = "<group>"; };
		AE3B55031E1324090022F068 /* Languages.txt */ = {isa = PBXFileReference; fileEncoding = 4; lastKnownFileType = text; path = Languages.txt; sourceTree = "<group>"; };
		AE3B55041E1324090022F068 /* Publications.txt */ = {isa = PBXFileReference; fileEncoding = 4; lastKnownFileType = text; path = Publications.txt; sourceTree = "<group>"; };
		AE3B55051E1324090022F068 /* EducationDates.txt */ = {isa = PBXFileReference; fileEncoding = 4; lastKnownFileType = text; path = EducationDates.txt; sourceTree = "<group>"; };
		AE3B55061E1324090022F068 /* Awards.txt */ = {isa = PBXFileReference; fileEncoding = 4; lastKnownFileType = text; path = Awards.txt; sourceTree = "<group>"; };
		AE3B55071E1324090022F068 /* education0.txt */ = {isa = PBXFileReference; fileEncoding = 4; lastKnownFileType = text; path = education0.txt; sourceTree = "<group>"; };
		AE3B55081E1324090022F068 /* education1.txt */ = {isa = PBXFileReference; fileEncoding = 4; lastKnownFileType = text; path = education1.txt; sourceTree = "<group>"; };
		AE3B55091E1324090022F068 /* TechnicalExperience.txt */ = {isa = PBXFileReference; fileEncoding = 4; lastKnownFileType = text; path = TechnicalExperience.txt; sourceTree = "<group>"; };
		AE3B550A1E1324090022F068 /* technicalexperience0.txt */ = {isa = PBXFileReference; fileEncoding = 4; lastKnownFileType = text; path = technicalexperience0.txt; sourceTree = "<group>"; };
		AE3B550B1E1324090022F068 /* technicalexperience1.txt */ = {isa = PBXFileReference; fileEncoding = 4; lastKnownFileType = text; path = technicalexperience1.txt; sourceTree = "<group>"; };
		AE3B550C1E1324090022F068 /* technicalexperience2.txt */ = {isa = PBXFileReference; fileEncoding = 4; lastKnownFileType = text; path = technicalexperience2.txt; sourceTree = "<group>"; };
		AE3B550D1E1324090022F068 /* technicalexperience3.txt */ = {isa = PBXFileReference; fileEncoding = 4; lastKnownFileType = text; path = technicalexperience3.txt; sourceTree = "<group>"; };
		AE3B550E1E1324090022F068 /* technicalexperience4.txt */ = {isa = PBXFileReference; fileEncoding = 4; lastKnownFileType = text; path = technicalexperience4.txt; sourceTree = "<group>"; };
		AE3B550F1E1324090022F068 /* technicalexperience5.txt */ = {isa = PBXFileReference; fileEncoding = 4; lastKnownFileType = text; path = technicalexperience5.txt; sourceTree = "<group>"; };
		AE3B55101E1324090022F068 /* PersonalInfo.txt */ = {isa = PBXFileReference; fileEncoding = 4; lastKnownFileType = text; path = PersonalInfo.txt; sourceTree = "<group>"; };
		AE3B55111E1324090022F068 /* TechnicalExperienceDates.txt */ = {isa = PBXFileReference; fileEncoding = 4; lastKnownFileType = text; path = TechnicalExperienceDates.txt; sourceTree = "<group>"; };
		AE3B55121E1324090022F068 /* Education.txt */ = {isa = PBXFileReference; fileEncoding = 4; lastKnownFileType = text; path = Education.txt; sourceTree = "<group>"; };
		AE3B552B1E13242F0022F068 /* detailViewController.swift */ = {isa = PBXFileReference; fileEncoding = 4; lastKnownFileType = sourcecode.swift; path = detailViewController.swift; sourceTree = "<group>"; };
		AE3B552E1E1324AC0022F068 /* Awards.jpg */ = {isa = PBXFileReference; lastKnownFileType = image.jpeg; path = Awards.jpg; sourceTree = "<group>"; };
		AE3B552F1E1324AC0022F068 /* awards0.jpg */ = {isa = PBXFileReference; lastKnownFileType = image.jpeg; path = awards0.jpg; sourceTree = "<group>"; };
		AE3B55301E1324AC0022F068 /* awards1.jpg */ = {isa = PBXFileReference; lastKnownFileType = image.jpeg; path = awards1.jpg; sourceTree = "<group>"; };
		AE3B55311E1324AC0022F068 /* awards2.jpg */ = {isa = PBXFileReference; lastKnownFileType = image.jpeg; path = awards2.jpg; sourceTree = "<group>"; };
		AE3B55321E1324AC0022F068 /* awards3.jpg */ = {isa = PBXFileReference; lastKnownFileType = image.jpeg; path = awards3.jpg; sourceTree = "<group>"; };
		AE3B55381E1324BC0022F068 /* Education.jpg */ = {isa = PBXFileReference; lastKnownFileType = image.jpeg; path = Education.jpg; sourceTree = "<group>"; };
		AE3B55391E1324BC0022F068 /* education0.jpg */ = {isa = PBXFileReference; lastKnownFileType = image.jpeg; path = education0.jpg; sourceTree = "<group>"; };
		AE3B553C1E1324C60022F068 /* Interests.jpg */ = {isa = PBXFileReference; lastKnownFileType = image.jpeg; path = Interests.jpg; sourceTree = "<group>"; };
		AE3B553D1E1324C60022F068 /* interestsGolf.jpg */ = {isa = PBXFileReference; lastKnownFileType = image.jpeg; path = interestsGolf.jpg; sourceTree = "<group>"; };
		AE3B553E1E1324C60022F068 /* interestsHiking.jpg */ = {isa = PBXFileReference; lastKnownFileType = image.jpeg; path = interestsHiking.jpg; sourceTree = "<group>"; };
		AE3B553F1E1324C60022F068 /* interestsSwimming.jpg */ = {isa = PBXFileReference; lastKnownFileType = image.jpeg; path = interestsSwimming.jpg; sourceTree = "<group>"; };
		AE3B55401E1324C60022F068 /* Languages.jpg */ = {isa = PBXFileReference; lastKnownFileType = image.jpeg; path = Languages.jpg; sourceTree = "<group>"; };
		AE3B55411E1324C60022F068 /* languagesC++.jpg */ = {isa = PBXFileReference; lastKnownFileType = image.jpeg; path = "languagesC++.jpg"; sourceTree = "<group>"; };
		AE3B55421E1324C60022F068 /* languagesFortran.jpg */ = {isa = PBXFileReference; lastKnownFileType = image.jpeg; path = languagesFortran.jpg; sourceTree = "<group>"; };
		AE3B55431E1324C60022F068 /* languagesLatex.jpg */ = {isa = PBXFileReference; lastKnownFileType = image.jpeg; path = languagesLatex.jpg; sourceTree = "<group>"; };
		AE3B55441E1324C60022F068 /* languagesMatlab.jpg */ = {isa = PBXFileReference; lastKnownFileType = image.jpeg; path = languagesMatlab.jpg; sourceTree = "<group>"; };
		AE3B55451E1324C60022F068 /* languagesPython.jpg */ = {isa = PBXFileReference; lastKnownFileType = image.jpeg; path = languagesPython.jpg; sourceTree = "<group>"; };
		AE3B55461E1324C60022F068 /* languagesR.jpg */ = {isa = PBXFileReference; lastKnownFileType = image.jpeg; path = languagesR.jpg; sourceTree = "<group>"; };
		AE3B55471E1324C60022F068 /* languagesSwift.jpg */ = {isa = PBXFileReference; lastKnownFileType = image.jpeg; path = languagesSwift.jpg; sourceTree = "<group>"; };
		AE3B55541E1324CE0022F068 /* PersonalInfo.jpg */ = {isa = PBXFileReference; lastKnownFileType = image.jpeg; path = PersonalInfo.jpg; sourceTree = "<group>"; };
		AE3B55551E1324CE0022F068 /* personalinfo0.jpg */ = {isa = PBXFileReference; lastKnownFileType = image.jpeg; path = personalinfo0.jpg; sourceTree = "<group>"; };
		AE3B55561E1324CE0022F068 /* personalinfo1.jpg */ = {isa = PBXFileReference; lastKnownFileType = image.jpeg; path = personalinfo1.jpg; sourceTree = "<group>"; };
		AE3B55571E1324CE0022F068 /* personalinfo2.jpg */ = {isa = PBXFileReference; lastKnownFileType = image.jpeg; path = personalinfo2.jpg; sourceTree = "<group>"; };
		AE3B55581E1324CE0022F068 /* personalinfo3.jpg */ = {isa = PBXFileReference; lastKnownFileType = image.jpeg; path = personalinfo3.jpg; sourceTree = "<group>"; };
		AE3B55591E1324CE0022F068 /* personalinfo4.jpg */ = {isa = PBXFileReference; lastKnownFileType = image.jpeg; path = personalinfo4.jpg; sourceTree = "<group>"; };
		AE3B55601E1324D70022F068 /* Publications.jpg */ = {isa = PBXFileReference; lastKnownFileType = image.jpeg; path = Publications.jpg; sourceTree = "<group>"; };
		AE3B55611E1324D70022F068 /* publications0.jpg */ = {isa = PBXFileReference; lastKnownFileType = image.jpeg; path = publications0.jpg; sourceTree = "<group>"; };
		AE3B55621E1324D70022F068 /* publications1.jpg */ = {isa = PBXFileReference; lastKnownFileType = image.jpeg; path = publications1.jpg; sourceTree = "<group>"; };
		AE3B55631E1324D70022F068 /* publications2.jpg */ = {isa = PBXFileReference; lastKnownFileType = image.jpeg; path = publications2.jpg; sourceTree = "<group>"; };
		AE3B55641E1324D70022F068 /* TechnicalExperience.jpg */ = {isa = PBXFileReference; lastKnownFileType = image.jpeg; path = TechnicalExperience.jpg; sourceTree = "<group>"; };
		AE3B55651E1324D70022F068 /* technicalexperience0.jpg */ = {isa = PBXFileReference; lastKnownFileType = image.jpeg; path = technicalexperience0.jpg; sourceTree = "<group>"; };
		AE3B55661E1324D70022F068 /* technicalexperience1.jpg */ = {isa = PBXFileReference; lastKnownFileType = image.jpeg; path = technicalexperience1.jpg; sourceTree = "<group>"; };
		AE3B55671E1324D70022F068 /* technicalexperience2.jpg */ = {isa = PBXFileReference; lastKnownFileType = image.jpeg; path = technicalexperience2.jpg; sourceTree = "<group>"; };
		AE3B55681E1324D70022F068 /* technicalexperience3.jpg */ = {isa = PBXFileReference; lastKnownFileType = image.jpeg; path = technicalexperience3.jpg; sourceTree = "<group>"; };
		AE3B55691E1324D70022F068 /* technicalexperience4.jpg */ = {isa = PBXFileReference; lastKnownFileType = image.jpeg; path = technicalexperience4.jpg; sourceTree = "<group>"; };
		AE3B556A1E1324D70022F068 /* technicalexperience5.jpg */ = {isa = PBXFileReference; lastKnownFileType = image.jpeg; path = technicalexperience5.jpg; sourceTree = "<group>"; };
		AE3B55761E1330600022F068 /* NavigationControllerExtension.swift */ = {isa = PBXFileReference; fileEncoding = 4; lastKnownFileType = sourcecode.swift; path = NavigationControllerExtension.swift; sourceTree = "<group>"; };
		AE3B55781E14449D0022F068 /* tutorialCollectionViewCell.swift */ = {isa = PBXFileReference; fileEncoding = 4; lastKnownFileType = sourcecode.swift; path = tutorialCollectionViewCell.swift; sourceTree = "<group>"; };
		AE3B557A1E145D430022F068 /* disclosureAccessory@3x.png */ = {isa = PBXFileReference; lastKnownFileType = image.png; path = "disclosureAccessory@3x.png"; sourceTree = "<group>"; };
		AE3B557C1E14858E0022F068 /* BallTrail.sks */ = {isa = PBXFileReference; lastKnownFileType = file.sks; path = BallTrail.sks; sourceTree = "<group>"; };
		AE3B55841E149ECA0022F068 /* interestsBaseball.jpg */ = {isa = PBXFileReference; lastKnownFileType = image.jpeg; path = interestsBaseball.jpg; sourceTree = "<group>"; };
		AE3B55851E149ECA0022F068 /* interestsFootball.jpg */ = {isa = PBXFileReference; lastKnownFileType = image.jpeg; path = interestsFootball.jpg; sourceTree = "<group>"; };
		AE3B55881E149EF60022F068 /* education1.jpg */ = {isa = PBXFileReference; lastKnownFileType = image.jpeg; path = education1.jpg; sourceTree = "<group>"; };
		AE3B558A1E15AEDA0022F068 /* detailCollectionViewCell.swift */ = {isa = PBXFileReference; fileEncoding = 4; lastKnownFileType = sourcecode.swift; path = detailCollectionViewCell.swift; sourceTree = "<group>"; };
		AE3B558C1E15B9430022F068 /* pauseButton@3x.png */ = {isa = PBXFileReference; lastKnownFileType = image.png; path = "pauseButton@3x.png"; sourceTree = "<group>"; };
		AE6548AB1E085E7C008784E8 /* Nuke Destroyer.app */ = {isa = PBXFileReference; explicitFileType = wrapper.application; includeInIndex = 0; path = "Nuke Destroyer.app"; sourceTree = BUILT_PRODUCTS_DIR; };
		AE6548AE1E085E7C008784E8 /* AppDelegate.swift */ = {isa = PBXFileReference; lastKnownFileType = sourcecode.swift; path = AppDelegate.swift; sourceTree = "<group>"; };
		AE6548B41E085E7C008784E8 /* GameScene.swift */ = {isa = PBXFileReference; lastKnownFileType = sourcecode.swift; path = GameScene.swift; sourceTree = "<group>"; };
		AE6548B61E085E7C008784E8 /* GameViewController.swift */ = {isa = PBXFileReference; lastKnownFileType = sourcecode.swift; path = GameViewController.swift; sourceTree = "<group>"; };
		AE6548B91E085E7C008784E8 /* Base */ = {isa = PBXFileReference; lastKnownFileType = file.storyboard; name = Base; path = Base.lproj/Main.storyboard; sourceTree = "<group>"; };
		AE6548BE1E085E7C008784E8 /* Base */ = {isa = PBXFileReference; lastKnownFileType = file.storyboard; name = Base; path = Base.lproj/LaunchScreen.storyboard; sourceTree = "<group>"; };
		AE6548C01E085E7C008784E8 /* Info.plist */ = {isa = PBXFileReference; lastKnownFileType = text.plist.xml; path = Info.plist; sourceTree = "<group>"; };
		AE6548C51E085E7C008784E8 /* Nuke DestroyerTests.xctest */ = {isa = PBXFileReference; explicitFileType = wrapper.cfbundle; includeInIndex = 0; path = "Nuke DestroyerTests.xctest"; sourceTree = BUILT_PRODUCTS_DIR; };
		AE6548C91E085E7C008784E8 /* Nuke_DestroyerTests.swift */ = {isa = PBXFileReference; lastKnownFileType = sourcecode.swift; path = Nuke_DestroyerTests.swift; sourceTree = "<group>"; };
		AE6548CB1E085E7C008784E8 /* Info.plist */ = {isa = PBXFileReference; lastKnownFileType = text.plist.xml; path = Info.plist; sourceTree = "<group>"; };
		AE6548D01E085E7C008784E8 /* Nuke DestroyerUITests.xctest */ = {isa = PBXFileReference; explicitFileType = wrapper.cfbundle; includeInIndex = 0; path = "Nuke DestroyerUITests.xctest"; sourceTree = BUILT_PRODUCTS_DIR; };
		AE6548D41E085E7D008784E8 /* Nuke_DestroyerUITests.swift */ = {isa = PBXFileReference; lastKnownFileType = sourcecode.swift; path = Nuke_DestroyerUITests.swift; sourceTree = "<group>"; };
		AE6548D61E085E7D008784E8 /* Info.plist */ = {isa = PBXFileReference; lastKnownFileType = text.plist.xml; path = Info.plist; sourceTree = "<group>"; };
		AE6548EE1E086F4B008784E8 /* Background@2x.png */ = {isa = PBXFileReference; lastKnownFileType = image.png; path = "Background@2x.png"; sourceTree = "<group>"; };
		AE6548EF1E086F4B008784E8 /* Background@3x.png */ = {isa = PBXFileReference; lastKnownFileType = image.png; path = "Background@3x.png"; sourceTree = "<group>"; };
		AE6549861E09E5C1008784E8 /* Logo@2x.png */ = {isa = PBXFileReference; lastKnownFileType = image.png; path = "Logo@2x.png"; sourceTree = "<group>"; };
		AE6549871E09E5C1008784E8 /* Logo@3x.png */ = {isa = PBXFileReference; lastKnownFileType = image.png; path = "Logo@3x.png"; sourceTree = "<group>"; };
		AE65498A1E09ED27008784E8 /* Helper.swift */ = {isa = PBXFileReference; fileEncoding = 4; lastKnownFileType = sourcecode.swift; path = Helper.swift; sourceTree = "<group>"; };
		AE6A2BD71E175975000030F9 /* QuickBomb.mp3 */ = {isa = PBXFileReference; lastKnownFileType = audio.mp3; path = QuickBomb.mp3; sourceTree = "<group>"; };
		AE6A2BD91E175AF9000030F9 /* night.wav */ = {isa = PBXFileReference; lastKnownFileType = audio.wav; path = night.wav; sourceTree = "<group>"; };
		AE6A2BDB1E175D48000030F9 /* NuclearBomb.mp3 */ = {isa = PBXFileReference; lastKnownFileType = audio.mp3; path = NuclearBomb.mp3; sourceTree = "<group>"; };
		AE6A2BDD1E176569000030F9 /* laser.mp3 */ = {isa = PBXFileReference; lastKnownFileType = audio.mp3; path = laser.mp3; sourceTree = "<group>"; };
		AE6A2BDF1E176760000030F9 /* bird.mp3 */ = {isa = PBXFileReference; lastKnownFileType = audio.mp3; path = bird.mp3; sourceTree = "<group>"; };
		AE9AF8011E0CE08D0026D3ED /* Assets.xcassets */ = {isa = PBXFileReference; lastKnownFileType = folder.assetcatalog; path = Assets.xcassets; sourceTree = "<group>"; };
		AEA2CB801E16EDEA0015007B /* Star@3x.png */ = {isa = PBXFileReference; lastKnownFileType = image.png; path = "Star@3x.png"; sourceTree = "<group>"; };
		AEA2CB841E16EDEA0015007B /* Bullet0@3x.png */ = {isa = PBXFileReference; lastKnownFileType = image.png; path = "Bullet0@3x.png"; sourceTree = "<group>"; };
		AEA2CB851E16EDEA0015007B /* Bullet2@3x.png */ = {isa = PBXFileReference; lastKnownFileType = image.png; path = "Bullet2@3x.png"; sourceTree = "<group>"; };
		AEA2CB871E16EDEA0015007B /* Bullet1@3x.png */ = {isa = PBXFileReference; lastKnownFileType = image.png; path = "Bullet1@3x.png"; sourceTree = "<group>"; };
		AEA2CB951E16EDEA0015007B /* Star@2x.png */ = {isa = PBXFileReference; lastKnownFileType = image.png; path = "Star@2x.png"; sourceTree = "<group>"; };
		AEA2CB9B1E16EDEA0015007B /* Bomb@3x.png */ = {isa = PBXFileReference; lastKnownFileType = image.png; path = "Bomb@3x.png"; sourceTree = "<group>"; };
		AEA2CBA51E16EDEA0015007B /* Bomb@2x.png */ = {isa = PBXFileReference; lastKnownFileType = image.png; path = "Bomb@2x.png"; sourceTree = "<group>"; };
		AEA2CBC71E16EDEA0015007B /* turret_1@3x.png */ = {isa = PBXFileReference; lastKnownFileType = image.png; path = "turret_1@3x.png"; sourceTree = "<group>"; };
		AEA2CBD71E16EDEA0015007B /* turret_2@3x.png */ = {isa = PBXFileReference; lastKnownFileType = image.png; path = "turret_2@3x.png"; sourceTree = "<group>"; };
		AEA2CC3A1E16F1FA0015007B /* Four@3x.png */ = {isa = PBXFileReference; lastKnownFileType = image.png; path = "Four@3x.png"; sourceTree = "<group>"; };
		AEA2CC3C1E16F3B60015007B /* Five@3x.png */ = {isa = PBXFileReference; lastKnownFileType = image.png; path = "Five@3x.png"; sourceTree = "<group>"; };
		AEA2CC401E16FF160015007B /* chicken2.png */ = {isa = PBXFileReference; lastKnownFileType = image.png; path = chicken2.png; sourceTree = "<group>"; };
		AEA2CC411E16FF160015007B /* chicken3.png */ = {isa = PBXFileReference; lastKnownFileType = image.png; path = chicken3.png; sourceTree = "<group>"; };
		AEA2CC421E16FF160015007B /* chicken4.png */ = {isa = PBXFileReference; lastKnownFileType = image.png; path = chicken4.png; sourceTree = "<group>"; };
		AEA2CC431E16FF160015007B /* chicken5.png */ = {isa = PBXFileReference; lastKnownFileType = image.png; path = chicken5.png; sourceTree = "<group>"; };
		AEA2CC441E16FF160015007B /* chicken6.png */ = {isa = PBXFileReference; lastKnownFileType = image.png; path = chicken6.png; sourceTree = "<group>"; };
		AEA2CC451E16FF160015007B /* chicken7.png */ = {isa = PBXFileReference; lastKnownFileType = image.png; path = chicken7.png; sourceTree = "<group>"; };
		AEA2CC461E16FF160015007B /* chicken8.png */ = {isa = PBXFileReference; lastKnownFileType = image.png; path = chicken8.png; sourceTree = "<group>"; };
		AEA2CC471E16FF160015007B /* chicken9.png */ = {isa = PBXFileReference; lastKnownFileType = image.png; path = chicken9.png; sourceTree = "<group>"; };
		AEA2CC491E16FF160015007B /* duck2.png */ = {isa = PBXFileReference; lastKnownFileType = image.png; path = duck2.png; sourceTree = "<group>"; };
		AEA2CC4A1E16FF160015007B /* duck3.png */ = {isa = PBXFileReference; lastKnownFileType = image.png; path = duck3.png; sourceTree = "<group>"; };
		AEA2CC4B1E16FF160015007B /* duck4.png */ = {isa = PBXFileReference; lastKnownFileType = image.png; path = duck4.png; sourceTree = "<group>"; };
		AEA2CC4C1E16FF160015007B /* duck5.png */ = {isa = PBXFileReference; lastKnownFileType = image.png; path = duck5.png; sourceTree = "<group>"; };
		AEA2CC4D1E16FF160015007B /* duck6.png */ = {isa = PBXFileReference; lastKnownFileType = image.png; path = duck6.png; sourceTree = "<group>"; };
		AEA2CC4E1E16FF160015007B /* duck7.png */ = {isa = PBXFileReference; lastKnownFileType = image.png; path = duck7.png; sourceTree = "<group>"; };
		AEA2CC4F1E16FF160015007B /* duck8.png */ = {isa = PBXFileReference; lastKnownFileType = image.png; path = duck8.png; sourceTree = "<group>"; };
		AEA2CC501E16FF160015007B /* duck9.png */ = {isa = PBXFileReference; lastKnownFileType = image.png; path = duck9.png; sourceTree = "<group>"; };
		AEA2CC521E16FF160015007B /* goose2.png */ = {isa = PBXFileReference; lastKnownFileType = image.png; path = goose2.png; sourceTree = "<group>"; };
		AEA2CC531E16FF160015007B /* goose3.png */ = {isa = PBXFileReference; lastKnownFileType = image.png; path = goose3.png; sourceTree = "<group>"; };
		AEA2CC541E16FF160015007B /* goose4.png */ = {isa = PBXFileReference; lastKnownFileType = image.png; path = goose4.png; sourceTree = "<group>"; };
		AEA2CC551E16FF160015007B /* goose5.png */ = {isa = PBXFileReference; lastKnownFileType = image.png; path = goose5.png; sourceTree = "<group>"; };
		AEA2CC561E16FF160015007B /* goose6.png */ = {isa = PBXFileReference; lastKnownFileType = image.png; path = goose6.png; sourceTree = "<group>"; };
		AEA2CC571E16FF160015007B /* goose7.png */ = {isa = PBXFileReference; lastKnownFileType = image.png; path = goose7.png; sourceTree = "<group>"; };
		AEA2CC581E16FF160015007B /* goose8.png */ = {isa = PBXFileReference; lastKnownFileType = image.png; path = goose8.png; sourceTree = "<group>"; };
		AEA2CC591E16FF160015007B /* goose9.png */ = {isa = PBXFileReference; lastKnownFileType = image.png; path = goose9.png; sourceTree = "<group>"; };
		AEA2CC5B1E16FF160015007B /* owl2.png */ = {isa = PBXFileReference; lastKnownFileType = image.png; path = owl2.png; sourceTree = "<group>"; };
		AEA2CC5C1E16FF160015007B /* owl3.png */ = {isa = PBXFileReference; lastKnownFileType = image.png; path = owl3.png; sourceTree = "<group>"; };
		AEA2CC5D1E16FF160015007B /* owl4.png */ = {isa = PBXFileReference; lastKnownFileType = image.png; path = owl4.png; sourceTree = "<group>"; };
		AEA2CC5E1E16FF160015007B /* owl5.png */ = {isa = PBXFileReference; lastKnownFileType = image.png; path = owl5.png; sourceTree = "<group>"; };
		AEA2CC5F1E16FF160015007B /* owl6.png */ = {isa = PBXFileReference; lastKnownFileType = image.png; path = owl6.png; sourceTree = "<group>"; };
		AEA2CC601E16FF160015007B /* owl7.png */ = {isa = PBXFileReference; lastKnownFileType = image.png; path = owl7.png; sourceTree = "<group>"; };
		AEA2CC611E16FF160015007B /* owl8.png */ = {isa = PBXFileReference; lastKnownFileType = image.png; path = owl8.png; sourceTree = "<group>"; };
		AEA2CC621E16FF160015007B /* owl9.png */ = {isa = PBXFileReference; lastKnownFileType = image.png; path = owl9.png; sourceTree = "<group>"; };
		AEA2CC641E16FF160015007B /* sparrow2.png */ = {isa = PBXFileReference; lastKnownFileType = image.png; path = sparrow2.png; sourceTree = "<group>"; };
		AEA2CC651E16FF160015007B /* sparrow3.png */ = {isa = PBXFileReference; lastKnownFileType = image.png; path = sparrow3.png; sourceTree = "<group>"; };
		AEA2CC661E16FF160015007B /* sparrow4.png */ = {isa = PBXFileReference; lastKnownFileType = image.png; path = sparrow4.png; sourceTree = "<group>"; };
		AEA2CC671E16FF160015007B /* sparrow5.png */ = {isa = PBXFileReference; lastKnownFileType = image.png; path = sparrow5.png; sourceTree = "<group>"; };
		AEA2CC681E16FF160015007B /* sparrow6.png */ = {isa = PBXFileReference; lastKnownFileType = image.png; path = sparrow6.png; sourceTree = "<group>"; };
		AEA2CC691E16FF160015007B /* sparrow7.png */ = {isa = PBXFileReference; lastKnownFileType = image.png; path = sparrow7.png; sourceTree = "<group>"; };
		AEA2CC6A1E16FF160015007B /* sparrow8.png */ = {isa = PBXFileReference; lastKnownFileType = image.png; path = sparrow8.png; sourceTree = "<group>"; };
		AEA2CC6C1E16FF160015007B /* vulture2.png */ = {isa = PBXFileReference; lastKnownFileType = image.png; path = vulture2.png; sourceTree = "<group>"; };
		AEA2CC6D1E16FF160015007B /* vulture3.png */ = {isa = PBXFileReference; lastKnownFileType = image.png; path = vulture3.png; sourceTree = "<group>"; };
		AEA2CC6E1E16FF160015007B /* vulture4.png */ = {isa = PBXFileReference; lastKnownFileType = image.png; path = vulture4.png; sourceTree = "<group>"; };
		AEA2CC6F1E16FF160015007B /* vulture5.png */ = {isa = PBXFileReference; lastKnownFileType = image.png; path = vulture5.png; sourceTree = "<group>"; };
		AEA2CC701E16FF160015007B /* vulture6.png */ = {isa = PBXFileReference; lastKnownFileType = image.png; path = vulture6.png; sourceTree = "<group>"; };
		AEA2CC711E16FF160015007B /* vulture7.png */ = {isa = PBXFileReference; lastKnownFileType = image.png; path = vulture7.png; sourceTree = "<group>"; };
		AEA2CC721E16FF160015007B /* vulture8.png */ = {isa = PBXFileReference; lastKnownFileType = image.png; path = vulture8.png; sourceTree = "<group>"; };
		AEA2CC731E16FF160015007B /* vulture9.png */ = {isa = PBXFileReference; lastKnownFileType = image.png; path = vulture9.png; sourceTree = "<group>"; };
		AEA2CCA91E17002F0015007B /* chicken1@3x.png */ = {isa = PBXFileReference; lastKnownFileType = image.png; path = "chicken1@3x.png"; sourceTree = "<group>"; };
		AEA2CCAA1E17002F0015007B /* duck1@3x.png */ = {isa = PBXFileReference; lastKnownFileType = image.png; path = "duck1@3x.png"; sourceTree = "<group>"; };
		AEA2CCAB1E17002F0015007B /* goose1@3x.png */ = {isa = PBXFileReference; lastKnownFileType = image.png; path = "goose1@3x.png"; sourceTree = "<group>"; };
		AEA2CCAC1E17002F0015007B /* owl1@3x.png */ = {isa = PBXFileReference; lastKnownFileType = image.png; path = "owl1@3x.png"; sourceTree = "<group>"; };
		AEA2CCAD1E17002F0015007B /* sparrow1@3x.png */ = {isa = PBXFileReference; lastKnownFileType = image.png; path = "sparrow1@3x.png"; sourceTree = "<group>"; };
		AEA2CCAE1E17002F0015007B /* vulture1@3x.png */ = {isa = PBXFileReference; lastKnownFileType = image.png; path = "vulture1@3x.png"; sourceTree = "<group>"; };
		AEA2CCB51E170AD00015007B /* turret_1_sheet@3x.png */ = {isa = PBXFileReference; lastKnownFileType = image.png; path = "turret_1_sheet@3x.png"; sourceTree = "<group>"; };
		AEA2CCB71E170D190015007B /* turret_2_sheet@3x.png */ = {isa = PBXFileReference; lastKnownFileType = image.png; path = "turret_2_sheet@3x.png"; sourceTree = "<group>"; };
		AEA2CCB91E171FBD0015007B /* sound@3x.png */ = {isa = PBXFileReference; lastKnownFileType = image.png; path = "sound@3x.png"; sourceTree = "<group>"; };
		AEA2CCBA1E171FBD0015007B /* noSound@3x.png */ = {isa = PBXFileReference; lastKnownFileType = image.png; path = "noSound@3x.png"; sourceTree = "<group>"; };
		AEBE57D61E1615C700781DAB /* PausedLogo@3x.png */ = {isa = PBXFileReference; lastKnownFileType = image.png; path = "PausedLogo@3x.png"; sourceTree = "<group>"; };
/* End PBXFileReference section */

/* Begin PBXFrameworksBuildPhase section */
		AE6548A81E085E7C008784E8 /* Frameworks */ = {
			isa = PBXFrameworksBuildPhase;
			buildActionMask = 2147483647;
			files = (
			);
			runOnlyForDeploymentPostprocessing = 0;
		};
		AE6548C21E085E7C008784E8 /* Frameworks */ = {
			isa = PBXFrameworksBuildPhase;
			buildActionMask = 2147483647;
			files = (
			);
			runOnlyForDeploymentPostprocessing = 0;
		};
		AE6548CD1E085E7C008784E8 /* Frameworks */ = {
			isa = PBXFrameworksBuildPhase;
			buildActionMask = 2147483647;
			files = (
			);
			runOnlyForDeploymentPostprocessing = 0;
		};
/* End PBXFrameworksBuildPhase section */

/* Begin PBXGroup section */
		AE3B54E31E1323300022F068 /* JTL */ = {
			isa = PBXGroup;
			children = (
				AE3B552D1E13245E0022F068 /* Images */,
				AE3B55011E1323FB0022F068 /* TextFiles */,
				AE3B54F61E1323EB0022F068 /* Icons and PDFs */,
				AE3B54E61E1323BE0022F068 /* ResumeSectionCollectionViewCell.swift */,
				AE3B54E71E1323BE0022F068 /* ResumeCollectionViewController.swift */,
				AE3B54E81E1323BE0022F068 /* ResumeViewController.swift */,
				AE3B54EC1E1323C60022F068 /* sectionCollectionViewController.swift */,
				AE3B54ED1E1323C60022F068 /* dataCollectionViewCell.swift */,
				AE3B552B1E13242F0022F068 /* detailViewController.swift */,
				AE3B558A1E15AEDA0022F068 /* detailCollectionViewCell.swift */,
				AE3B54E41E1323AD0022F068 /* ViewController.swift */,
				AE3B55781E14449D0022F068 /* tutorialCollectionViewCell.swift */,
				AE3B54F01E1323D00022F068 /* HidingNavigationBarManager.swift */,
				AE3B54F11E1323D00022F068 /* HidingViewController.swift */,
				AE3B54F21E1323D00022F068 /* InitialViewController.swift */,
			);
			name = JTL;
			sourceTree = "<group>";
		};
		AE3B54F61E1323EB0022F068 /* Icons and PDFs */ = {
			isa = PBXGroup;
			children = (
				AE3B557A1E145D430022F068 /* disclosureAccessory@3x.png */,
				AE3B54F91E1323F80022F068 /* list-fat-7.png */,
				AE3B54FA1E1323F80022F068 /* Resume.pdf */,
				AE3B54FB1E1323F80022F068 /* file-document-7.png */,
			);
			name = "Icons and PDFs";
			sourceTree = "<group>";
		};
		AE3B55011E1323FB0022F068 /* TextFiles */ = {
			isa = PBXGroup;
			children = (
				AE3B55021E1324090022F068 /* Interests.txt */,
				AE3B55031E1324090022F068 /* Languages.txt */,
				AE3B55041E1324090022F068 /* Publications.txt */,
				AE3B55051E1324090022F068 /* EducationDates.txt */,
				AE3B55061E1324090022F068 /* Awards.txt */,
				AE3B55071E1324090022F068 /* education0.txt */,
				AE3B55081E1324090022F068 /* education1.txt */,
				AE3B55091E1324090022F068 /* TechnicalExperience.txt */,
				AE3B550A1E1324090022F068 /* technicalexperience0.txt */,
				AE3B550B1E1324090022F068 /* technicalexperience1.txt */,
				AE3B550C1E1324090022F068 /* technicalexperience2.txt */,
				AE3B550D1E1324090022F068 /* technicalexperience3.txt */,
				AE3B550E1E1324090022F068 /* technicalexperience4.txt */,
				AE3B550F1E1324090022F068 /* technicalexperience5.txt */,
				AE3B55101E1324090022F068 /* PersonalInfo.txt */,
				AE3B55111E1324090022F068 /* TechnicalExperienceDates.txt */,
				AE3B55121E1324090022F068 /* Education.txt */,
			);
			name = TextFiles;
			sourceTree = "<group>";
		};
		AE3B55241E1324180022F068 /* Sounds */ = {
			isa = PBXGroup;
			children = (
				AE6A2BDF1E176760000030F9 /* bird.mp3 */,
				AE6A2BDD1E176569000030F9 /* laser.mp3 */,
				AE6A2BDB1E175D48000030F9 /* NuclearBomb.mp3 */,
				AE6A2BD91E175AF9000030F9 /* night.wav */,
				AE6A2BD71E175975000030F9 /* QuickBomb.mp3 */,
			);
			name = Sounds;
			sourceTree = "<group>";
		};
		AE3B552D1E13245E0022F068 /* Images */ = {
			isa = PBXGroup;
			children = (
				AE3B55841E149ECA0022F068 /* interestsBaseball.jpg */,
				AE3B55851E149ECA0022F068 /* interestsFootball.jpg */,
				AE3B552E1E1324AC0022F068 /* Awards.jpg */,
				AE3B552F1E1324AC0022F068 /* awards0.jpg */,
				AE3B553C1E1324C60022F068 /* Interests.jpg */,
				AE3B553D1E1324C60022F068 /* interestsGolf.jpg */,
				AE3B553E1E1324C60022F068 /* interestsHiking.jpg */,
				AE3B553F1E1324C60022F068 /* interestsSwimming.jpg */,
				AE3B55401E1324C60022F068 /* Languages.jpg */,
				AE3B55411E1324C60022F068 /* languagesC++.jpg */,
				AE3B55421E1324C60022F068 /* languagesFortran.jpg */,
				AE3B55431E1324C60022F068 /* languagesLatex.jpg */,
				AE3B55441E1324C60022F068 /* languagesMatlab.jpg */,
				AE3B55451E1324C60022F068 /* languagesPython.jpg */,
				AE3B55541E1324CE0022F068 /* PersonalInfo.jpg */,
				AE3B55551E1324CE0022F068 /* personalinfo0.jpg */,
				AE3B55561E1324CE0022F068 /* personalinfo1.jpg */,
				AE3B55571E1324CE0022F068 /* personalinfo2.jpg */,
				AE3B55581E1324CE0022F068 /* personalinfo3.jpg */,
				AE3B55591E1324CE0022F068 /* personalinfo4.jpg */,
				AE3B55461E1324C60022F068 /* languagesR.jpg */,
				AE3B55471E1324C60022F068 /* languagesSwift.jpg */,
				AE3B55381E1324BC0022F068 /* Education.jpg */,
				AE3B55391E1324BC0022F068 /* education0.jpg */,
				AE3B55881E149EF60022F068 /* education1.jpg */,
				AE3B55301E1324AC0022F068 /* awards1.jpg */,
				AE3B55311E1324AC0022F068 /* awards2.jpg */,
				AE3B55321E1324AC0022F068 /* awards3.jpg */,
				AE3B55601E1324D70022F068 /* Publications.jpg */,
				AE3B55611E1324D70022F068 /* publications0.jpg */,
				AE3B55621E1324D70022F068 /* publications1.jpg */,
				AE3B55631E1324D70022F068 /* publications2.jpg */,
				AE3B55641E1324D70022F068 /* TechnicalExperience.jpg */,
				AE3B55651E1324D70022F068 /* technicalexperience0.jpg */,
				AE3B55661E1324D70022F068 /* technicalexperience1.jpg */,
				AE3B55671E1324D70022F068 /* technicalexperience2.jpg */,
				AE3B55681E1324D70022F068 /* technicalexperience3.jpg */,
				AE3B55691E1324D70022F068 /* technicalexperience4.jpg */,
				AE3B556A1E1324D70022F068 /* technicalexperience5.jpg */,
			);
			name = Images;
			sourceTree = "<group>";
		};
		AE6548A21E085E7C008784E8 = {
			isa = PBXGroup;
			children = (
				AE6548AD1E085E7C008784E8 /* Nuke Destroyer */,
				AE6548C81E085E7C008784E8 /* Nuke DestroyerTests */,
				AE6548D31E085E7D008784E8 /* Nuke DestroyerUITests */,
				AE6548AC1E085E7C008784E8 /* Products */,
			);
			sourceTree = "<group>";
		};
		AE6548AC1E085E7C008784E8 /* Products */ = {
			isa = PBXGroup;
			children = (
				AE6548AB1E085E7C008784E8 /* Nuke Destroyer.app */,
				AE6548C51E085E7C008784E8 /* Nuke DestroyerTests.xctest */,
				AE6548D01E085E7C008784E8 /* Nuke DestroyerUITests.xctest */,
			);
			name = Products;
			sourceTree = "<group>";
		};
		AE6548AD1E085E7C008784E8 /* Nuke Destroyer */ = {
			isa = PBXGroup;
			children = (
				AE3B54E31E1323300022F068 /* JTL */,
				AE65498A1E09ED27008784E8 /* Helper.swift */,
				AE6548E71E086394008784E8 /* Images */,
				AE6548AE1E085E7C008784E8 /* AppDelegate.swift */,
				AE6548B41E085E7C008784E8 /* GameScene.swift */,
				AE6548B61E085E7C008784E8 /* GameViewController.swift */,
				AE3B55761E1330600022F068 /* NavigationControllerExtension.swift */,
				AE6548B81E085E7C008784E8 /* Main.storyboard */,
				AE6548BD1E085E7C008784E8 /* LaunchScreen.storyboard */,
				AE3B55241E1324180022F068 /* Sounds */,
				AEA2CC3E1E16FF160015007B /* Birds */,
				AE9AF8011E0CE08D0026D3ED /* Assets.xcassets */,
				AE6548C01E085E7C008784E8 /* Info.plist */,
			);
			path = "Nuke Destroyer";
			sourceTree = "<group>";
		};
		AE6548C81E085E7C008784E8 /* Nuke DestroyerTests */ = {
			isa = PBXGroup;
			children = (
				AE6548C91E085E7C008784E8 /* Nuke_DestroyerTests.swift */,
				AE6548CB1E085E7C008784E8 /* Info.plist */,
			);
			path = "Nuke DestroyerTests";
			sourceTree = "<group>";
		};
		AE6548D31E085E7D008784E8 /* Nuke DestroyerUITests */ = {
			isa = PBXGroup;
			children = (
				AE6548D41E085E7D008784E8 /* Nuke_DestroyerUITests.swift */,
				AE6548D61E085E7D008784E8 /* Info.plist */,
			);
			path = "Nuke DestroyerUITests";
			sourceTree = "<group>";
		};
		AE6548E71E086394008784E8 /* Images */ = {
			isa = PBXGroup;
			children = (
				AE3B557C1E14858E0022F068 /* BallTrail.sks */,
				AE6548EE1E086F4B008784E8 /* Background@2x.png */,
				AE6548EF1E086F4B008784E8 /* Background@3x.png */,
				AEA2CB841E16EDEA0015007B /* Bullet0@3x.png */,
				AEA2CB871E16EDEA0015007B /* Bullet1@3x.png */,
				AEA2CB851E16EDEA0015007B /* Bullet2@3x.png */,
				AEA2CBA51E16EDEA0015007B /* Bomb@2x.png */,
				AEA2CB9B1E16EDEA0015007B /* Bomb@3x.png */,
				AE3B54DD1E1300F80022F068 /* DeveloperButton@3x.png */,
				AEA2CC3A1E16F1FA0015007B /* Four@3x.png */,
				AEA2CC3C1E16F3B60015007B /* Five@3x.png */,
				AE3B54E11E13140A0022F068 /* GameOverLogo@3x.png */,
				AE6549861E09E5C1008784E8 /* Logo@2x.png */,
				AE6549871E09E5C1008784E8 /* Logo@3x.png */,
				AEBE57D61E1615C700781DAB /* PausedLogo@3x.png */,
				AE3B558C1E15B9430022F068 /* pauseButton@3x.png */,
				AE3B54DF1E1312B50022F068 /* PlayAgainButton@3x.png */,
				AE3B54DB1E12F6380022F068 /* PlayButton@3x.png */,
				AEA2CCBA1E171FBD0015007B /* noSound@3x.png */,
				AEA2CB951E16EDEA0015007B /* Star@2x.png */,
				AEA2CB801E16EDEA0015007B /* Star@3x.png */,
				AEA2CCB91E171FBD0015007B /* sound@3x.png */,
				AEA2CBC71E16EDEA0015007B /* turret_1@3x.png */,
				AEA2CCB51E170AD00015007B /* turret_1_sheet@3x.png */,
				AEA2CBD71E16EDEA0015007B /* turret_2@3x.png */,
				AEA2CCB71E170D190015007B /* turret_2_sheet@3x.png */,
			);
			name = Images;
			sourceTree = "<group>";
		};
		AEA2CC3E1E16FF160015007B /* Birds */ = {
			isa = PBXGroup;
			children = (
				AEA2CCA91E17002F0015007B /* chicken1@3x.png */,
				AEA2CCAA1E17002F0015007B /* duck1@3x.png */,
				AEA2CCAB1E17002F0015007B /* goose1@3x.png */,
				AEA2CCAC1E17002F0015007B /* owl1@3x.png */,
				AEA2CCAD1E17002F0015007B /* sparrow1@3x.png */,
				AEA2CCAE1E17002F0015007B /* vulture1@3x.png */,
				AEA2CC401E16FF160015007B /* chicken2.png */,
				AEA2CC411E16FF160015007B /* chicken3.png */,
				AEA2CC421E16FF160015007B /* chicken4.png */,
				AEA2CC431E16FF160015007B /* chicken5.png */,
				AEA2CC441E16FF160015007B /* chicken6.png */,
				AEA2CC451E16FF160015007B /* chicken7.png */,
				AEA2CC461E16FF160015007B /* chicken8.png */,
				AEA2CC471E16FF160015007B /* chicken9.png */,
				AEA2CC491E16FF160015007B /* duck2.png */,
				AEA2CC4A1E16FF160015007B /* duck3.png */,
				AEA2CC4B1E16FF160015007B /* duck4.png */,
				AEA2CC4C1E16FF160015007B /* duck5.png */,
				AEA2CC4D1E16FF160015007B /* duck6.png */,
				AEA2CC4E1E16FF160015007B /* duck7.png */,
				AEA2CC4F1E16FF160015007B /* duck8.png */,
				AEA2CC501E16FF160015007B /* duck9.png */,
				AEA2CC521E16FF160015007B /* goose2.png */,
				AEA2CC531E16FF160015007B /* goose3.png */,
				AEA2CC541E16FF160015007B /* goose4.png */,
				AEA2CC551E16FF160015007B /* goose5.png */,
				AEA2CC561E16FF160015007B /* goose6.png */,
				AEA2CC571E16FF160015007B /* goose7.png */,
				AEA2CC581E16FF160015007B /* goose8.png */,
				AEA2CC591E16FF160015007B /* goose9.png */,
				AEA2CC5B1E16FF160015007B /* owl2.png */,
				AEA2CC5C1E16FF160015007B /* owl3.png */,
				AEA2CC5D1E16FF160015007B /* owl4.png */,
				AEA2CC5E1E16FF160015007B /* owl5.png */,
				AEA2CC5F1E16FF160015007B /* owl6.png */,
				AEA2CC601E16FF160015007B /* owl7.png */,
				AEA2CC611E16FF160015007B /* owl8.png */,
				AEA2CC621E16FF160015007B /* owl9.png */,
				AEA2CC641E16FF160015007B /* sparrow2.png */,
				AEA2CC651E16FF160015007B /* sparrow3.png */,
				AEA2CC661E16FF160015007B /* sparrow4.png */,
				AEA2CC671E16FF160015007B /* sparrow5.png */,
				AEA2CC681E16FF160015007B /* sparrow6.png */,
				AEA2CC691E16FF160015007B /* sparrow7.png */,
				AEA2CC6A1E16FF160015007B /* sparrow8.png */,
				AEA2CC6C1E16FF160015007B /* vulture2.png */,
				AEA2CC6D1E16FF160015007B /* vulture3.png */,
				AEA2CC6E1E16FF160015007B /* vulture4.png */,
				AEA2CC6F1E16FF160015007B /* vulture5.png */,
				AEA2CC701E16FF160015007B /* vulture6.png */,
				AEA2CC711E16FF160015007B /* vulture7.png */,
				AEA2CC721E16FF160015007B /* vulture8.png */,
				AEA2CC731E16FF160015007B /* vulture9.png */,
			);
			path = Birds;
			sourceTree = "<group>";
		};
/* End PBXGroup section */

/* Begin PBXNativeTarget section */
		AE6548AA1E085E7C008784E8 /* Nuke Destroyer */ = {
			isa = PBXNativeTarget;
			buildConfigurationList = AE6548D91E085E7D008784E8 /* Build configuration list for PBXNativeTarget "Nuke Destroyer" */;
			buildPhases = (
				AE6548A71E085E7C008784E8 /* Sources */,
				AE6548A81E085E7C008784E8 /* Frameworks */,
				AE6548A91E085E7C008784E8 /* Resources */,
			);
			buildRules = (
			);
			dependencies = (
			);
			name = "Nuke Destroyer";
			productName = "Nuke Destroyer";
			productReference = AE6548AB1E085E7C008784E8 /* Nuke Destroyer.app */;
			productType = "com.apple.product-type.application";
		};
		AE6548C41E085E7C008784E8 /* Nuke DestroyerTests */ = {
			isa = PBXNativeTarget;
			buildConfigurationList = AE6548DC1E085E7D008784E8 /* Build configuration list for PBXNativeTarget "Nuke DestroyerTests" */;
			buildPhases = (
				AE6548C11E085E7C008784E8 /* Sources */,
				AE6548C21E085E7C008784E8 /* Frameworks */,
				AE6548C31E085E7C008784E8 /* Resources */,
			);
			buildRules = (
			);
			dependencies = (
				AE6548C71E085E7C008784E8 /* PBXTargetDependency */,
			);
			name = "Nuke DestroyerTests";
			productName = "Nuke DestroyerTests";
			productReference = AE6548C51E085E7C008784E8 /* Nuke DestroyerTests.xctest */;
			productType = "com.apple.product-type.bundle.unit-test";
		};
		AE6548CF1E085E7C008784E8 /* Nuke DestroyerUITests */ = {
			isa = PBXNativeTarget;
			buildConfigurationList = AE6548DF1E085E7D008784E8 /* Build configuration list for PBXNativeTarget "Nuke DestroyerUITests" */;
			buildPhases = (
				AE6548CC1E085E7C008784E8 /* Sources */,
				AE6548CD1E085E7C008784E8 /* Frameworks */,
				AE6548CE1E085E7C008784E8 /* Resources */,
			);
			buildRules = (
			);
			dependencies = (
				AE6548D21E085E7D008784E8 /* PBXTargetDependency */,
			);
			name = "Nuke DestroyerUITests";
			productName = "Nuke DestroyerUITests";
			productReference = AE6548D01E085E7C008784E8 /* Nuke DestroyerUITests.xctest */;
			productType = "com.apple.product-type.bundle.ui-testing";
		};
/* End PBXNativeTarget section */

/* Begin PBXProject section */
		AE6548A31E085E7C008784E8 /* Project object */ = {
			isa = PBXProject;
			attributes = {
				LastSwiftUpdateCheck = 0820;
				LastUpgradeCheck = 0820;
				ORGANIZATIONNAME = "Jacob Landman";
				TargetAttributes = {
					AE6548AA1E085E7C008784E8 = {
						CreatedOnToolsVersion = 8.2;
						DevelopmentTeam = MBLBPAM74V;
						ProvisioningStyle = Automatic;
					};
					AE6548C41E085E7C008784E8 = {
						CreatedOnToolsVersion = 8.2;
						DevelopmentTeam = MBLBPAM74V;
						ProvisioningStyle = Automatic;
						TestTargetID = AE6548AA1E085E7C008784E8;
					};
					AE6548CF1E085E7C008784E8 = {
						CreatedOnToolsVersion = 8.2;
						DevelopmentTeam = MBLBPAM74V;
						ProvisioningStyle = Automatic;
						TestTargetID = AE6548AA1E085E7C008784E8;
					};
				};
			};
			buildConfigurationList = AE6548A61E085E7C008784E8 /* Build configuration list for PBXProject "Nuke Destroyer" */;
			compatibilityVersion = "Xcode 3.2";
			developmentRegion = English;
			hasScannedForEncodings = 0;
			knownRegions = (
				en,
				Base,
			);
			mainGroup = AE6548A21E085E7C008784E8;
			productRefGroup = AE6548AC1E085E7C008784E8 /* Products */;
			projectDirPath = "";
			projectRoot = "";
			targets = (
				AE6548AA1E085E7C008784E8 /* Nuke Destroyer */,
				AE6548C41E085E7C008784E8 /* Nuke DestroyerTests */,
				AE6548CF1E085E7C008784E8 /* Nuke DestroyerUITests */,
			);
		};
/* End PBXProject section */

/* Begin PBXResourcesBuildPhase section */
		AE6548A91E085E7C008784E8 /* Resources */ = {
			isa = PBXResourcesBuildPhase;
			buildActionMask = 2147483647;
			files = (
				AEA2CC991E16FF160015007B /* sparrow2.png in Resources */,
				AEA2CBDF1E16EDEA0015007B /* Star@3x.png in Resources */,
				AE3B55181E1324090022F068 /* education0.txt in Resources */,
				AEA2CCA41E16FF160015007B /* vulture5.png in Resources */,
				AE3B55871E149ECA0022F068 /* interestsFootball.jpg in Resources */,
				AEA2CC8D1E16FF160015007B /* goose8.png in Resources */,
				AE3B54DE1E1300F80022F068 /* DeveloperButton@3x.png in Resources */,
				AEA2CCB01E17002F0015007B /* duck1@3x.png in Resources */,
				AE3B557B1E145D430022F068 /* disclosureAccessory@3x.png in Resources */,
				AEA2CCA71E16FF160015007B /* vulture8.png in Resources */,
				AE3B55341E1324AC0022F068 /* awards0.jpg in Resources */,
				AEA2CCB41E17002F0015007B /* vulture1@3x.png in Resources */,
				AEA2CBFA1E16EDEA0015007B /* Bomb@3x.png in Resources */,
				AE3B54FE1E1323F90022F068 /* list-fat-7.png in Resources */,
				AE6548F11E086F4B008784E8 /* Background@3x.png in Resources */,
				AEA2CC781E16FF160015007B /* chicken5.png in Resources */,
				AEA2CC9D1E16FF160015007B /* sparrow6.png in Resources */,
				AEA2CC9C1E16FF160015007B /* sparrow5.png in Resources */,
				AE3B54FF1E1323F90022F068 /* Resume.pdf in Resources */,
				AEA2CC941E16FF160015007B /* owl6.png in Resources */,
				AE6548F01E086F4B008784E8 /* Background@2x.png in Resources */,
				AEA2CC881E16FF160015007B /* goose3.png in Resources */,
				AEA2CC921E16FF160015007B /* owl4.png in Resources */,
				AE3B55361E1324AC0022F068 /* awards2.jpg in Resources */,
				AE3B555F1E1324CE0022F068 /* personalinfo4.jpg in Resources */,
				AE3B54DC1E12F6380022F068 /* PlayButton@3x.png in Resources */,
				AEA2CCA61E16FF160015007B /* vulture7.png in Resources */,
				AEA2CCB81E170D190015007B /* turret_2_sheet@3x.png in Resources */,
				AE3B554F1E1324C60022F068 /* languagesLatex.jpg in Resources */,
				AE3B55511E1324C60022F068 /* languagesPython.jpg in Resources */,
				AE3B556C1E1324D70022F068 /* publications0.jpg in Resources */,
				AE3B55371E1324AC0022F068 /* awards3.jpg in Resources */,
				AEBE57D71E1615C700781DAB /* PausedLogo@3x.png in Resources */,
				AEA2CC971E16FF160015007B /* owl9.png in Resources */,
				AE3B556B1E1324D70022F068 /* Publications.jpg in Resources */,
				AE3B55731E1324D70022F068 /* technicalexperience3.jpg in Resources */,
				AEA2CC851E16FF160015007B /* duck9.png in Resources */,
				AEA2CC7C1E16FF160015007B /* chicken9.png in Resources */,
				AE3B55141E1324090022F068 /* Languages.txt in Resources */,
				AE6A2BDC1E175D48000030F9 /* NuclearBomb.mp3 in Resources */,
				AE3B551B1E1324090022F068 /* technicalexperience0.txt in Resources */,
				AE6A2BE01E176760000030F9 /* bird.mp3 in Resources */,
				AE3B555C1E1324CE0022F068 /* personalinfo1.jpg in Resources */,
				AE3B55711E1324D70022F068 /* technicalexperience1.jpg in Resources */,
				AEA2CCAF1E17002F0015007B /* chicken1@3x.png in Resources */,
				AE3B557E1E14858E0022F068 /* BallTrail.sks in Resources */,
				AE6548BA1E085E7C008784E8 /* Main.storyboard in Resources */,
				AEA2CCBB1E171FBD0015007B /* sound@3x.png in Resources */,
				AE3B555E1E1324CE0022F068 /* personalinfo3.jpg in Resources */,
				AEA2CC9F1E16FF160015007B /* sparrow8.png in Resources */,
				AE3B555B1E1324CE0022F068 /* personalinfo0.jpg in Resources */,
				AE3B551E1E1324090022F068 /* technicalexperience3.txt in Resources */,
				AEA2CCA11E16FF160015007B /* vulture2.png in Resources */,
				AEA2CC8A1E16FF160015007B /* goose5.png in Resources */,
				AE3B554B1E1324C60022F068 /* interestsSwimming.jpg in Resources */,
				AEA2CC7F1E16FF160015007B /* duck3.png in Resources */,
				AEA2CC831E16FF160015007B /* duck7.png in Resources */,
				AE3B55191E1324090022F068 /* education1.txt in Resources */,
				AEA2CBF41E16EDEA0015007B /* Star@2x.png in Resources */,
				AE3B55721E1324D70022F068 /* technicalexperience2.jpg in Resources */,
				AE3B551D1E1324090022F068 /* technicalexperience2.txt in Resources */,
				AEA2CBE41E16EDEA0015007B /* Bullet2@3x.png in Resources */,
				AEA2CC9A1E16FF160015007B /* sparrow3.png in Resources */,
				AE3B55861E149ECA0022F068 /* interestsBaseball.jpg in Resources */,
				AE9AF8021E0CE08D0026D3ED /* Assets.xcassets in Resources */,
				AE3B55221E1324090022F068 /* TechnicalExperienceDates.txt in Resources */,
				AEA2CCBC1E171FBD0015007B /* noSound@3x.png in Resources */,
				AE3B554E1E1324C60022F068 /* languagesFortran.jpg in Resources */,
				AEA2CCB21E17002F0015007B /* owl1@3x.png in Resources */,
				AE3B55171E1324090022F068 /* Awards.txt in Resources */,
				AE3B556D1E1324D70022F068 /* publications1.jpg in Resources */,
				AEA2CC9B1E16FF160015007B /* sparrow4.png in Resources */,
				AEA2CC961E16FF160015007B /* owl8.png in Resources */,
				AE3B55531E1324C60022F068 /* languagesSwift.jpg in Resources */,
				AEA2CC3D1E16F3B60015007B /* Five@3x.png in Resources */,
				AE3B55701E1324D70022F068 /* technicalexperience0.jpg in Resources */,
				AE3B55161E1324090022F068 /* EducationDates.txt in Resources */,
				AEA2CCA31E16FF160015007B /* vulture4.png in Resources */,
				AE3B55751E1324D70022F068 /* technicalexperience5.jpg in Resources */,
				AEA2CCA81E16FF160015007B /* vulture9.png in Resources */,
				AEA2CC8E1E16FF160015007B /* goose9.png in Resources */,
				AEA2CC7A1E16FF160015007B /* chicken7.png in Resources */,
				AE6A2BDA1E175AF9000030F9 /* night.wav in Resources */,
				AEA2CC8C1E16FF160015007B /* goose7.png in Resources */,
				AE3B55331E1324AC0022F068 /* Awards.jpg in Resources */,
				AEA2CC751E16FF160015007B /* chicken2.png in Resources */,
				AE3B551A1E1324090022F068 /* TechnicalExperience.txt in Resources */,
				AEA2CC951E16FF160015007B /* owl7.png in Resources */,
				AEA2CC9E1E16FF160015007B /* sparrow7.png in Resources */,
				AEA2CC361E16EDEA0015007B /* turret_2@3x.png in Resources */,
				AEA2CC841E16FF160015007B /* duck8.png in Resources */,
				AE3B558D1E15B9430022F068 /* pauseButton@3x.png in Resources */,
				AE6549891E09E5C1008784E8 /* Logo@3x.png in Resources */,
				AE3B55501E1324C60022F068 /* languagesMatlab.jpg in Resources */,
				AE3B55231E1324090022F068 /* Education.txt in Resources */,
				AE3B551F1E1324090022F068 /* technicalexperience4.txt in Resources */,
				AE3B554D1E1324C60022F068 /* languagesC++.jpg in Resources */,
				AE3B555D1E1324CE0022F068 /* personalinfo2.jpg in Resources */,
				AE3B55491E1324C60022F068 /* interestsGolf.jpg in Resources */,
				AEA2CCA21E16FF160015007B /* vulture3.png in Resources */,
				AEA2CC3B1E16F1FA0015007B /* Four@3x.png in Resources */,
				AE6A2BD81E175975000030F9 /* QuickBomb.mp3 in Resources */,
				AE3B551C1E1324090022F068 /* technicalexperience1.txt in Resources */,
				AEA2CC771E16FF160015007B /* chicken4.png in Resources */,
				AEA2CCB31E17002F0015007B /* sparrow1@3x.png in Resources */,
				AEA2CC821E16FF160015007B /* duck6.png in Resources */,
				AEA2CC761E16FF160015007B /* chicken3.png in Resources */,
				AE6549881E09E5C1008784E8 /* Logo@2x.png in Resources */,
				AE3B54E01E1312B50022F068 /* PlayAgainButton@3x.png in Resources */,
				AE3B55481E1324C60022F068 /* Interests.jpg in Resources */,
				AE3B55521E1324C60022F068 /* languagesR.jpg in Resources */,
				AE3B55201E1324090022F068 /* technicalexperience5.txt in Resources */,
				AE3B554A1E1324C60022F068 /* interestsHiking.jpg in Resources */,
				AEA2CCA51E16FF160015007B /* vulture6.png in Resources */,
				AE3B55211E1324090022F068 /* PersonalInfo.txt in Resources */,
				AE3B556F1E1324D70022F068 /* TechnicalExperience.jpg in Resources */,
				AE3B555A1E1324CE0022F068 /* PersonalInfo.jpg in Resources */,
				AEA2CC801E16FF160015007B /* duck4.png in Resources */,
				AE3B55151E1324090022F068 /* Publications.txt in Resources */,
				AEA2CC041E16EDEA0015007B /* Bomb@2x.png in Resources */,
				AEA2CBE31E16EDEA0015007B /* Bullet0@3x.png in Resources */,
				AEA2CC791E16FF160015007B /* chicken6.png in Resources */,
				AE3B553B1E1324BC0022F068 /* education0.jpg in Resources */,
				AEA2CC901E16FF160015007B /* owl2.png in Resources */,
				AEA2CC811E16FF160015007B /* duck5.png in Resources */,
				AEA2CC7B1E16FF160015007B /* chicken8.png in Resources */,
				AEA2CCB11E17002F0015007B /* goose1@3x.png in Resources */,
				AE3B553A1E1324BC0022F068 /* Education.jpg in Resources */,
				AE3B55741E1324D70022F068 /* technicalexperience4.jpg in Resources */,
				AEA2CC891E16FF160015007B /* goose4.png in Resources */,
				AE3B556E1E1324D70022F068 /* publications2.jpg in Resources */,
				AEA2CC871E16FF160015007B /* goose2.png in Resources */,
				AE6548BF1E085E7C008784E8 /* LaunchScreen.storyboard in Resources */,
				AEA2CC911E16FF160015007B /* owl3.png in Resources */,
				AE6A2BDE1E176569000030F9 /* laser.mp3 in Resources */,
				AE3B55891E149EF60022F068 /* education1.jpg in Resources */,
				AEA2CC7E1E16FF160015007B /* duck2.png in Resources */,
				AEA2CBE61E16EDEA0015007B /* Bullet1@3x.png in Resources */,
				AEA2CCB61E170AD00015007B /* turret_1_sheet@3x.png in Resources */,
				AE3B55131E1324090022F068 /* Interests.txt in Resources */,
				AEA2CC261E16EDEA0015007B /* turret_1@3x.png in Resources */,
				AE3B54E21E13140A0022F068 /* GameOverLogo@3x.png in Resources */,
				AE3B55351E1324AC0022F068 /* awards1.jpg in Resources */,
				AE3B55001E1323F90022F068 /* file-document-7.png in Resources */,
				AEA2CC931E16FF160015007B /* owl5.png in Resources */,
				AE3B554C1E1324C60022F068 /* Languages.jpg in Resources */,
				AEA2CC8B1E16FF160015007B /* goose6.png in Resources */,
			);
			runOnlyForDeploymentPostprocessing = 0;
		};
		AE6548C31E085E7C008784E8 /* Resources */ = {
			isa = PBXResourcesBuildPhase;
			buildActionMask = 2147483647;
			files = (
			);
			runOnlyForDeploymentPostprocessing = 0;
		};
		AE6548CE1E085E7C008784E8 /* Resources */ = {
			isa = PBXResourcesBuildPhase;
			buildActionMask = 2147483647;
			files = (
			);
			runOnlyForDeploymentPostprocessing = 0;
		};
/* End PBXResourcesBuildPhase section */

/* Begin PBXSourcesBuildPhase section */
		AE6548A71E085E7C008784E8 /* Sources */ = {
			isa = PBXSourcesBuildPhase;
			buildActionMask = 2147483647;
			files = (
				AE3B54E51E1323AD0022F068 /* ViewController.swift in Sources */,
				AE3B55771E1330600022F068 /* NavigationControllerExtension.swift in Sources */,
				AE3B54F51E1323D00022F068 /* InitialViewController.swift in Sources */,
				AE6548B51E085E7C008784E8 /* GameScene.swift in Sources */,
				AE3B54EA1E1323BE0022F068 /* ResumeCollectionViewController.swift in Sources */,
				AE3B54E91E1323BE0022F068 /* ResumeSectionCollectionViewCell.swift in Sources */,
				AE3B552C1E13242F0022F068 /* detailViewController.swift in Sources */,
				AE3B54EE1E1323C60022F068 /* sectionCollectionViewController.swift in Sources */,
				AE6548B71E085E7C008784E8 /* GameViewController.swift in Sources */,
				AE3B54EB1E1323BE0022F068 /* ResumeViewController.swift in Sources */,
				AE3B54F31E1323D00022F068 /* HidingNavigationBarManager.swift in Sources */,
				AE6548AF1E085E7C008784E8 /* AppDelegate.swift in Sources */,
				AE3B55791E14449D0022F068 /* tutorialCollectionViewCell.swift in Sources */,
				AE65498B1E09ED27008784E8 /* Helper.swift in Sources */,
				AE3B54EF1E1323C60022F068 /* dataCollectionViewCell.swift in Sources */,
				AE3B558B1E15AEDA0022F068 /* detailCollectionViewCell.swift in Sources */,
				AE3B54F41E1323D00022F068 /* HidingViewController.swift in Sources */,
			);
			runOnlyForDeploymentPostprocessing = 0;
		};
		AE6548C11E085E7C008784E8 /* Sources */ = {
			isa = PBXSourcesBuildPhase;
			buildActionMask = 2147483647;
			files = (
				AE6548CA1E085E7C008784E8 /* Nuke_DestroyerTests.swift in Sources */,
			);
			runOnlyForDeploymentPostprocessing = 0;
		};
		AE6548CC1E085E7C008784E8 /* Sources */ = {
			isa = PBXSourcesBuildPhase;
			buildActionMask = 2147483647;
			files = (
				AE6548D51E085E7D008784E8 /* Nuke_DestroyerUITests.swift in Sources */,
			);
			runOnlyForDeploymentPostprocessing = 0;
		};
/* End PBXSourcesBuildPhase section */

/* Begin PBXTargetDependency section */
		AE6548C71E085E7C008784E8 /* PBXTargetDependency */ = {
			isa = PBXTargetDependency;
			target = AE6548AA1E085E7C008784E8 /* Nuke Destroyer */;
			targetProxy = AE6548C61E085E7C008784E8 /* PBXContainerItemProxy */;
		};
		AE6548D21E085E7D008784E8 /* PBXTargetDependency */ = {
			isa = PBXTargetDependency;
			target = AE6548AA1E085E7C008784E8 /* Nuke Destroyer */;
			targetProxy = AE6548D11E085E7D008784E8 /* PBXContainerItemProxy */;
		};
/* End PBXTargetDependency section */

/* Begin PBXVariantGroup section */
		AE6548B81E085E7C008784E8 /* Main.storyboard */ = {
			isa = PBXVariantGroup;
			children = (
				AE6548B91E085E7C008784E8 /* Base */,
			);
			name = Main.storyboard;
			sourceTree = "<group>";
		};
		AE6548BD1E085E7C008784E8 /* LaunchScreen.storyboard */ = {
			isa = PBXVariantGroup;
			children = (
				AE6548BE1E085E7C008784E8 /* Base */,
			);
			name = LaunchScreen.storyboard;
			sourceTree = "<group>";
		};
/* End PBXVariantGroup section */

/* Begin XCBuildConfiguration section */
		AE6548D71E085E7D008784E8 /* Debug */ = {
			isa = XCBuildConfiguration;
			buildSettings = {
				ALWAYS_SEARCH_USER_PATHS = NO;
				CLANG_ANALYZER_NONNULL = YES;
				CLANG_CXX_LANGUAGE_STANDARD = "gnu++0x";
				CLANG_CXX_LIBRARY = "libc++";
				CLANG_ENABLE_MODULES = YES;
				CLANG_ENABLE_OBJC_ARC = YES;
				CLANG_WARN_BOOL_CONVERSION = YES;
				CLANG_WARN_CONSTANT_CONVERSION = YES;
				CLANG_WARN_DIRECT_OBJC_ISA_USAGE = YES_ERROR;
				CLANG_WARN_DOCUMENTATION_COMMENTS = YES;
				CLANG_WARN_EMPTY_BODY = YES;
				CLANG_WARN_ENUM_CONVERSION = YES;
				CLANG_WARN_INFINITE_RECURSION = YES;
				CLANG_WARN_INT_CONVERSION = YES;
				CLANG_WARN_OBJC_ROOT_CLASS = YES_ERROR;
				CLANG_WARN_SUSPICIOUS_MOVE = YES;
				CLANG_WARN_UNREACHABLE_CODE = YES;
				CLANG_WARN__DUPLICATE_METHOD_MATCH = YES;
				"CODE_SIGN_IDENTITY[sdk=iphoneos*]" = "iPhone Developer";
				COPY_PHASE_STRIP = NO;
				DEBUG_INFORMATION_FORMAT = dwarf;
				ENABLE_STRICT_OBJC_MSGSEND = YES;
				ENABLE_TESTABILITY = YES;
				GCC_C_LANGUAGE_STANDARD = gnu99;
				GCC_DYNAMIC_NO_PIC = NO;
				GCC_NO_COMMON_BLOCKS = YES;
				GCC_OPTIMIZATION_LEVEL = 0;
				GCC_PREPROCESSOR_DEFINITIONS = (
					"DEBUG=1",
					"$(inherited)",
				);
				GCC_WARN_64_TO_32_BIT_CONVERSION = YES;
				GCC_WARN_ABOUT_RETURN_TYPE = YES_ERROR;
				GCC_WARN_UNDECLARED_SELECTOR = YES;
				GCC_WARN_UNINITIALIZED_AUTOS = YES_AGGRESSIVE;
				GCC_WARN_UNUSED_FUNCTION = YES;
				GCC_WARN_UNUSED_VARIABLE = YES;
				IPHONEOS_DEPLOYMENT_TARGET = 10.2;
				MTL_ENABLE_DEBUG_INFO = YES;
				ONLY_ACTIVE_ARCH = YES;
				SDKROOT = iphoneos;
				SWIFT_ACTIVE_COMPILATION_CONDITIONS = DEBUG;
				SWIFT_OPTIMIZATION_LEVEL = "-Onone";
			};
			name = Debug;
		};
		AE6548D81E085E7D008784E8 /* Release */ = {
			isa = XCBuildConfiguration;
			buildSettings = {
				ALWAYS_SEARCH_USER_PATHS = NO;
				CLANG_ANALYZER_NONNULL = YES;
				CLANG_CXX_LANGUAGE_STANDARD = "gnu++0x";
				CLANG_CXX_LIBRARY = "libc++";
				CLANG_ENABLE_MODULES = YES;
				CLANG_ENABLE_OBJC_ARC = YES;
				CLANG_WARN_BOOL_CONVERSION = YES;
				CLANG_WARN_CONSTANT_CONVERSION = YES;
				CLANG_WARN_DIRECT_OBJC_ISA_USAGE = YES_ERROR;
				CLANG_WARN_DOCUMENTATION_COMMENTS = YES;
				CLANG_WARN_EMPTY_BODY = YES;
				CLANG_WARN_ENUM_CONVERSION = YES;
				CLANG_WARN_INFINITE_RECURSION = YES;
				CLANG_WARN_INT_CONVERSION = YES;
				CLANG_WARN_OBJC_ROOT_CLASS = YES_ERROR;
				CLANG_WARN_SUSPICIOUS_MOVE = YES;
				CLANG_WARN_UNREACHABLE_CODE = YES;
				CLANG_WARN__DUPLICATE_METHOD_MATCH = YES;
				"CODE_SIGN_IDENTITY[sdk=iphoneos*]" = "iPhone Developer";
				COPY_PHASE_STRIP = NO;
				DEBUG_INFORMATION_FORMAT = "dwarf-with-dsym";
				ENABLE_NS_ASSERTIONS = NO;
				ENABLE_STRICT_OBJC_MSGSEND = YES;
				GCC_C_LANGUAGE_STANDARD = gnu99;
				GCC_NO_COMMON_BLOCKS = YES;
				GCC_WARN_64_TO_32_BIT_CONVERSION = YES;
				GCC_WARN_ABOUT_RETURN_TYPE = YES_ERROR;
				GCC_WARN_UNDECLARED_SELECTOR = YES;
				GCC_WARN_UNINITIALIZED_AUTOS = YES_AGGRESSIVE;
				GCC_WARN_UNUSED_FUNCTION = YES;
				GCC_WARN_UNUSED_VARIABLE = YES;
				IPHONEOS_DEPLOYMENT_TARGET = 10.2;
				MTL_ENABLE_DEBUG_INFO = NO;
				SDKROOT = iphoneos;
				SWIFT_OPTIMIZATION_LEVEL = "-Owholemodule";
				VALIDATE_PRODUCT = YES;
			};
			name = Release;
		};
		AE6548DA1E085E7D008784E8 /* Debug */ = {
			isa = XCBuildConfiguration;
			buildSettings = {
				ASSETCATALOG_COMPILER_APPICON_NAME = AppIcon;
				DEVELOPMENT_TEAM = MBLBPAM74V;
				INFOPLIST_FILE = "Nuke Destroyer/Info.plist";
				LD_RUNPATH_SEARCH_PATHS = "$(inherited) @executable_path/Frameworks";
				PRODUCT_BUNDLE_IDENTIFIER = "com.SSB.Nuke-Destroyer";
				PRODUCT_NAME = "$(TARGET_NAME)";
				SWIFT_VERSION = 3.0;
			};
			name = Debug;
		};
		AE6548DB1E085E7D008784E8 /* Release */ = {
			isa = XCBuildConfiguration;
			buildSettings = {
				ASSETCATALOG_COMPILER_APPICON_NAME = AppIcon;
				DEVELOPMENT_TEAM = MBLBPAM74V;
				INFOPLIST_FILE = "Nuke Destroyer/Info.plist";
				LD_RUNPATH_SEARCH_PATHS = "$(inherited) @executable_path/Frameworks";
				PRODUCT_BUNDLE_IDENTIFIER = "com.SSB.Nuke-Destroyer";
				PRODUCT_NAME = "$(TARGET_NAME)";
				SWIFT_VERSION = 3.0;
			};
			name = Release;
		};
		AE6548DD1E085E7D008784E8 /* Debug */ = {
			isa = XCBuildConfiguration;
			buildSettings = {
				ALWAYS_EMBED_SWIFT_STANDARD_LIBRARIES = YES;
				BUNDLE_LOADER = "$(TEST_HOST)";
				DEVELOPMENT_TEAM = MBLBPAM74V;
				INFOPLIST_FILE = "Nuke DestroyerTests/Info.plist";
				LD_RUNPATH_SEARCH_PATHS = "$(inherited) @executable_path/Frameworks @loader_path/Frameworks";
				PRODUCT_BUNDLE_IDENTIFIER = "com.SSB.Nuke-DestroyerTests";
				PRODUCT_NAME = "$(TARGET_NAME)";
				SWIFT_VERSION = 3.0;
				TEST_HOST = "$(BUILT_PRODUCTS_DIR)/Nuke Destroyer.app/Nuke Destroyer";
			};
			name = Debug;
		};
		AE6548DE1E085E7D008784E8 /* Release */ = {
			isa = XCBuildConfiguration;
			buildSettings = {
				ALWAYS_EMBED_SWIFT_STANDARD_LIBRARIES = YES;
				BUNDLE_LOADER = "$(TEST_HOST)";
				DEVELOPMENT_TEAM = MBLBPAM74V;
				INFOPLIST_FILE = "Nuke DestroyerTests/Info.plist";
				LD_RUNPATH_SEARCH_PATHS = "$(inherited) @executable_path/Frameworks @loader_path/Frameworks";
				PRODUCT_BUNDLE_IDENTIFIER = "com.SSB.Nuke-DestroyerTests";
				PRODUCT_NAME = "$(TARGET_NAME)";
				SWIFT_VERSION = 3.0;
				TEST_HOST = "$(BUILT_PRODUCTS_DIR)/Nuke Destroyer.app/Nuke Destroyer";
			};
			name = Release;
		};
		AE6548E01E085E7D008784E8 /* Debug */ = {
			isa = XCBuildConfiguration;
			buildSettings = {
				ALWAYS_EMBED_SWIFT_STANDARD_LIBRARIES = YES;
				DEVELOPMENT_TEAM = MBLBPAM74V;
				INFOPLIST_FILE = "Nuke DestroyerUITests/Info.plist";
				LD_RUNPATH_SEARCH_PATHS = "$(inherited) @executable_path/Frameworks @loader_path/Frameworks";
				PRODUCT_BUNDLE_IDENTIFIER = "com.SSB.Nuke-DestroyerUITests";
				PRODUCT_NAME = "$(TARGET_NAME)";
				SWIFT_VERSION = 3.0;
				TEST_TARGET_NAME = "Nuke Destroyer";
			};
			name = Debug;
		};
		AE6548E11E085E7D008784E8 /* Release */ = {
			isa = XCBuildConfiguration;
			buildSettings = {
				ALWAYS_EMBED_SWIFT_STANDARD_LIBRARIES = YES;
				DEVELOPMENT_TEAM = MBLBPAM74V;
				INFOPLIST_FILE = "Nuke DestroyerUITests/Info.plist";
				LD_RUNPATH_SEARCH_PATHS = "$(inherited) @executable_path/Frameworks @loader_path/Frameworks";
				PRODUCT_BUNDLE_IDENTIFIER = "com.SSB.Nuke-DestroyerUITests";
				PRODUCT_NAME = "$(TARGET_NAME)";
				SWIFT_VERSION = 3.0;
				TEST_TARGET_NAME = "Nuke Destroyer";
			};
			name = Release;
		};
/* End XCBuildConfiguration section */

/* Begin XCConfigurationList section */
		AE6548A61E085E7C008784E8 /* Build configuration list for PBXProject "Nuke Destroyer" */ = {
			isa = XCConfigurationList;
			buildConfigurations = (
				AE6548D71E085E7D008784E8 /* Debug */,
				AE6548D81E085E7D008784E8 /* Release */,
			);
			defaultConfigurationIsVisible = 0;
			defaultConfigurationName = Release;
		};
		AE6548D91E085E7D008784E8 /* Build configuration list for PBXNativeTarget "Nuke Destroyer" */ = {
			isa = XCConfigurationList;
			buildConfigurations = (
				AE6548DA1E085E7D008784E8 /* Debug */,
				AE6548DB1E085E7D008784E8 /* Release */,
			);
			defaultConfigurationIsVisible = 0;
			defaultConfigurationName = Release;
		};
		AE6548DC1E085E7D008784E8 /* Build configuration list for PBXNativeTarget "Nuke DestroyerTests" */ = {
			isa = XCConfigurationList;
			buildConfigurations = (
				AE6548DD1E085E7D008784E8 /* Debug */,
				AE6548DE1E085E7D008784E8 /* Release */,
			);
			defaultConfigurationIsVisible = 0;
			defaultConfigurationName = Release;
		};
		AE6548DF1E085E7D008784E8 /* Build configuration list for PBXNativeTarget "Nuke DestroyerUITests" */ = {
			isa = XCConfigurationList;
			buildConfigurations = (
				AE6548E01E085E7D008784E8 /* Debug */,
				AE6548E11E085E7D008784E8 /* Release */,
			);
			defaultConfigurationIsVisible = 0;
			defaultConfigurationName = Release;
		};
/* End XCConfigurationList section */
	};
	rootObject = AE6548A31E085E7C008784E8 /* Project object */;
}
